// !$*UTF8*$!
{
	archiveVersion = 1;
	classes = {
	};
	objectVersion = 56;
	objects = {

/* Begin PBXBuildFile section */
		450776D5290195AF00C05007 /* example_crash_report.json in Resources */ = {isa = PBXBuildFile; fileRef = 450776D4290195AF00C05007 /* example_crash_report.json */; };
		456174AC2935C6370078B997 /* NotificationUtils.swift in Sources */ = {isa = PBXBuildFile; fileRef = 456174AB2935C6370078B997 /* NotificationUtils.swift */; };
		4568D1A228F8235700FFDC5E /* UIDevice+JailBroken.swift in Sources */ = {isa = PBXBuildFile; fileRef = 4568D1A128F8235700FFDC5E /* UIDevice+JailBroken.swift */; };
		4568D1A528F8950600FFDC5E /* BottomNavVsSideBarScreen.swift in Sources */ = {isa = PBXBuildFile; fileRef = 4568D1A428F8950600FFDC5E /* BottomNavVsSideBarScreen.swift */; };
		4568D1A828F8951A00FFDC5E /* SplashScreen.swift in Sources */ = {isa = PBXBuildFile; fileRef = 4568D1A728F8951A00FFDC5E /* SplashScreen.swift */; };
		4568D1AC28F8975D00FFDC5E /* MainScreen.swift in Sources */ = {isa = PBXBuildFile; fileRef = 4568D1AB28F8975D00FFDC5E /* MainScreen.swift */; };
		4568D1AE28F898E700FFDC5E /* BottomNavIOSScreen.swift in Sources */ = {isa = PBXBuildFile; fileRef = 4568D1AD28F898E700FFDC5E /* BottomNavIOSScreen.swift */; };
		4568D1B028F8990D00FFDC5E /* SideBarIPadScreen.swift in Sources */ = {isa = PBXBuildFile; fileRef = 4568D1AF28F8990D00FFDC5E /* SideBarIPadScreen.swift */; };
		4568D1B228F8992C00FFDC5E /* ColorScreen.swift in Sources */ = {isa = PBXBuildFile; fileRef = 4568D1B128F8992C00FFDC5E /* ColorScreen.swift */; };
		4571D620293729B700573547 /* Localizable.strings in Resources */ = {isa = PBXBuildFile; fileRef = 4571D622293729B700573547 /* Localizable.strings */; };
		45726D1228F44E66003DF76A /* #003 required keyword.swift in Sources */ = {isa = PBXBuildFile; fileRef = 45726D1128F44E66003DF76A /* #003 required keyword.swift */; };
		45799F2E28F0041F00F53467 /* #002 some vs any keyword.swift in Sources */ = {isa = PBXBuildFile; fileRef = 45799F2D28F0041F00F53467 /* #002 some vs any keyword.swift */; };
		457B0ADA28FB70340019ED01 /* MenuModels.swift in Sources */ = {isa = PBXBuildFile; fileRef = 457B0AD928FB70340019ED01 /* MenuModels.swift */; };
		457B0ADC28FB70730019ED01 /* MenuRow.swift in Sources */ = {isa = PBXBuildFile; fileRef = 457B0ADB28FB70730019ED01 /* MenuRow.swift */; };
		457B0ADE28FB73DB0019ED01 /* ExtUIApplicatin.swift in Sources */ = {isa = PBXBuildFile; fileRef = 457B0ADD28FB73DB0019ED01 /* ExtUIApplicatin.swift */; };
		457E6037293536FD005595B7 /* AppDelegate.swift in Sources */ = {isa = PBXBuildFile; fileRef = 457E6036293536FD005595B7 /* AppDelegate.swift */; };
		457E603F29353FE5005595B7 /* NotificationService.swift in Sources */ = {isa = PBXBuildFile; fileRef = 457E603E29353FE5005595B7 /* NotificationService.swift */; };
		457E604329353FE5005595B7 /* NotificationService.appex in Embed Foundation Extensions */ = {isa = PBXBuildFile; fileRef = 457E603C29353FE5005595B7 /* NotificationService.appex */; settings = {ATTRIBUTES = (RemoveHeadersOnCopy, ); }; };
		457E604B29354156005595B7 /* NetworkError.swift in Sources */ = {isa = PBXBuildFile; fileRef = 457E604929354156005595B7 /* NetworkError.swift */; };
		457E604C29354156005595B7 /* NetworkError.swift in Sources */ = {isa = PBXBuildFile; fileRef = 457E604929354156005595B7 /* NetworkError.swift */; };
		457E604D29354156005595B7 /* ImageDownloader.swift in Sources */ = {isa = PBXBuildFile; fileRef = 457E604A29354156005595B7 /* ImageDownloader.swift */; };
		457E604E29354156005595B7 /* ImageDownloader.swift in Sources */ = {isa = PBXBuildFile; fileRef = 457E604A29354156005595B7 /* ImageDownloader.swift */; };
		458E623C28EC6D75005A4E54 /* HomeScreen.swift in Sources */ = {isa = PBXBuildFile; fileRef = 458E623B28EC6D75005A4E54 /* HomeScreen.swift */; };
		458E623E28EC706B005A4E54 /* Screen.swift in Sources */ = {isa = PBXBuildFile; fileRef = 458E623D28EC706B005A4E54 /* Screen.swift */; };
		4597D9F42950DBC3004967C7 /* #004 string to hex to string converter in Sources */ = {isa = PBXBuildFile; fileRef = 4597D9F32950DBC3004967C7 /* #004 string to hex to string converter */; };
		459837D228EB361D00AB5433 /* #001 KeyPath class.swift in Sources */ = {isa = PBXBuildFile; fileRef = 459837D128EB361D00AB5433 /* #001 KeyPath class.swift */; };
		459837D628EB4B7100AB5433 /* Fruit.swift in Sources */ = {isa = PBXBuildFile; fileRef = 459837D528EB4B7100AB5433 /* Fruit.swift */; };
		459837D928EB5C1400AB5433 /* ImageVideoCapturerExampleScreen.swift in Sources */ = {isa = PBXBuildFile; fileRef = 459837D828EB5C1400AB5433 /* ImageVideoCapturerExampleScreen.swift */; };
		459837DB28EB5C3D00AB5433 /* ImageVideoCapturer.swift in Sources */ = {isa = PBXBuildFile; fileRef = 459837DA28EB5C3D00AB5433 /* ImageVideoCapturer.swift */; };
		459CA62728E702D400FC6F42 /* FitnessRingCardView.swift in Sources */ = {isa = PBXBuildFile; fileRef = 459CA62628E702D400FC6F42 /* FitnessRingCardView.swift */; };
		459CA62B28E70E2B00FC6F42 /* Typography.swift in Sources */ = {isa = PBXBuildFile; fileRef = 459CA62A28E70E2B00FC6F42 /* Typography.swift */; };
		459CA63028E70F2700FC6F42 /* OverviewRingCardView.swift in Sources */ = {isa = PBXBuildFile; fileRef = 459CA62F28E70F2700FC6F42 /* OverviewRingCardView.swift */; };
		459CA63328E70F5600FC6F42 /* RingChart.swift in Sources */ = {isa = PBXBuildFile; fileRef = 459CA63228E70F5600FC6F42 /* RingChart.swift */; };
		459CA63A28E76EAA00FC6F42 /* RingChartRing.swift in Sources */ = {isa = PBXBuildFile; fileRef = 459CA63928E76EAA00FC6F42 /* RingChartRing.swift */; };
		459EC10A2900561D0019C555 /* TrackingService.swift in Sources */ = {isa = PBXBuildFile; fileRef = 459EC1092900561D0019C555 /* TrackingService.swift */; };
		459EC10C290059620019C555 /* Color.swift in Sources */ = {isa = PBXBuildFile; fileRef = 459EC10B290059620019C555 /* Color.swift */; };
		459EC10E290067B00019C555 /* MetricKitScreen.swift in Sources */ = {isa = PBXBuildFile; fileRef = 459EC10D290067B00019C555 /* MetricKitScreen.swift */; };
		459EC11029007BF90019C555 /* View+ConditionalModifier.swift in Sources */ = {isa = PBXBuildFile; fileRef = 459EC10F29007BF90019C555 /* View+ConditionalModifier.swift */; };
		459EC112290086640019C555 /* MetircKitViewModel.swift in Sources */ = {isa = PBXBuildFile; fileRef = 459EC111290086640019C555 /* MetircKitViewModel.swift */; };
		45ACAF5028F9F61B00C5467F /* CustomSideBarScreen.swift in Sources */ = {isa = PBXBuildFile; fileRef = 45ACAF4F28F9F61B00C5467F /* CustomSideBarScreen.swift */; };
		45ACAF5228F9F68600C5467F /* CustomSideBar.swift in Sources */ = {isa = PBXBuildFile; fileRef = 45ACAF5128F9F68600C5467F /* CustomSideBar.swift */; };
		45B2D05C29031202006A631E /* ExtUIGestureRecognizerDelegate.swift in Sources */ = {isa = PBXBuildFile; fileRef = 45B2D05B29031202006A631E /* ExtUIGestureRecognizerDelegate.swift */; };
		45BE891328A05F73008DF51F /* Why_Not_SwiftUIApp.swift in Sources */ = {isa = PBXBuildFile; fileRef = 45BE891228A05F73008DF51F /* Why_Not_SwiftUIApp.swift */; };
		45BE891728A05F76008DF51F /* Assets.xcassets in Resources */ = {isa = PBXBuildFile; fileRef = 45BE891628A05F76008DF51F /* Assets.xcassets */; };
		45BE891A28A05F76008DF51F /* Preview Assets.xcassets in Resources */ = {isa = PBXBuildFile; fileRef = 45BE891928A05F76008DF51F /* Preview Assets.xcassets */; };
		45BE892228A063A5008DF51F /* CombineMoya in Frameworks */ = {isa = PBXBuildFile; productRef = 45BE892128A063A5008DF51F /* CombineMoya */; };
		45BE892528A06D24008DF51F /* GoRestAPI.swift in Sources */ = {isa = PBXBuildFile; fileRef = 45BE892428A06D24008DF51F /* GoRestAPI.swift */; };
		45BE892728A06FF8008DF51F /* HomeViewModel.swift in Sources */ = {isa = PBXBuildFile; fileRef = 45BE892628A06FF8008DF51F /* HomeViewModel.swift */; };
/* End PBXBuildFile section */

/* Begin PBXContainerItemProxy section */
		457E604129353FE5005595B7 /* PBXContainerItemProxy */ = {
			isa = PBXContainerItemProxy;
			containerPortal = 45BE890728A05F73008DF51F /* Project object */;
			proxyType = 1;
			remoteGlobalIDString = 457E603B29353FE5005595B7;
			remoteInfo = NotificationService;
		};
/* End PBXContainerItemProxy section */

/* Begin PBXCopyFilesBuildPhase section */
		457E604729353FE5005595B7 /* Embed Foundation Extensions */ = {
			isa = PBXCopyFilesBuildPhase;
			buildActionMask = 2147483647;
			dstPath = "";
			dstSubfolderSpec = 13;
			files = (
				457E604329353FE5005595B7 /* NotificationService.appex in Embed Foundation Extensions */,
			);
			name = "Embed Foundation Extensions";
			runOnlyForDeploymentPostprocessing = 0;
		};
/* End PBXCopyFilesBuildPhase section */

/* Begin PBXFileReference section */
		450776D4290195AF00C05007 /* example_crash_report.json */ = {isa = PBXFileReference; lastKnownFileType = text.json; path = example_crash_report.json; sourceTree = "<group>"; };
		456174AB2935C6370078B997 /* NotificationUtils.swift */ = {isa = PBXFileReference; lastKnownFileType = sourcecode.swift; path = NotificationUtils.swift; sourceTree = "<group>"; };
		4568D1A128F8235700FFDC5E /* UIDevice+JailBroken.swift */ = {isa = PBXFileReference; fileEncoding = 4; lastKnownFileType = sourcecode.swift; path = "UIDevice+JailBroken.swift"; sourceTree = "<group>"; };
		4568D1A428F8950600FFDC5E /* BottomNavVsSideBarScreen.swift */ = {isa = PBXFileReference; lastKnownFileType = sourcecode.swift; path = BottomNavVsSideBarScreen.swift; sourceTree = "<group>"; };
		4568D1A728F8951A00FFDC5E /* SplashScreen.swift */ = {isa = PBXFileReference; lastKnownFileType = sourcecode.swift; path = SplashScreen.swift; sourceTree = "<group>"; };
		4568D1AB28F8975D00FFDC5E /* MainScreen.swift */ = {isa = PBXFileReference; lastKnownFileType = sourcecode.swift; path = MainScreen.swift; sourceTree = "<group>"; };
		4568D1AD28F898E700FFDC5E /* BottomNavIOSScreen.swift */ = {isa = PBXFileReference; lastKnownFileType = sourcecode.swift; path = BottomNavIOSScreen.swift; sourceTree = "<group>"; };
		4568D1AF28F8990D00FFDC5E /* SideBarIPadScreen.swift */ = {isa = PBXFileReference; lastKnownFileType = sourcecode.swift; path = SideBarIPadScreen.swift; sourceTree = "<group>"; };
		4568D1B128F8992C00FFDC5E /* ColorScreen.swift */ = {isa = PBXFileReference; lastKnownFileType = sourcecode.swift; path = ColorScreen.swift; sourceTree = "<group>"; };
		4571D621293729B700573547 /* en */ = {isa = PBXFileReference; lastKnownFileType = text.plist.strings; name = en; path = en.lproj/Localizable.strings; sourceTree = "<group>"; };
		4571D623293729C400573547 /* bn */ = {isa = PBXFileReference; lastKnownFileType = text.plist.strings; name = bn; path = bn.lproj/Localizable.strings; sourceTree = "<group>"; };
		45726D1128F44E66003DF76A /* #003 required keyword.swift */ = {isa = PBXFileReference; lastKnownFileType = sourcecode.swift; path = "#003 required keyword.swift"; sourceTree = "<group>"; };
		45799F2D28F0041F00F53467 /* #002 some vs any keyword.swift */ = {isa = PBXFileReference; lastKnownFileType = sourcecode.swift; path = "#002 some vs any keyword.swift"; sourceTree = "<group>"; };
		457B0AD928FB70340019ED01 /* MenuModels.swift */ = {isa = PBXFileReference; lastKnownFileType = sourcecode.swift; path = MenuModels.swift; sourceTree = "<group>"; };
		457B0ADB28FB70730019ED01 /* MenuRow.swift */ = {isa = PBXFileReference; lastKnownFileType = sourcecode.swift; path = MenuRow.swift; sourceTree = "<group>"; };
		457B0ADD28FB73DB0019ED01 /* ExtUIApplicatin.swift */ = {isa = PBXFileReference; fileEncoding = 4; lastKnownFileType = sourcecode.swift; path = ExtUIApplicatin.swift; sourceTree = "<group>"; };
		457E603529353453005595B7 /* example_payload.apns */ = {isa = PBXFileReference; lastKnownFileType = text; path = example_payload.apns; sourceTree = "<group>"; };
		457E6036293536FD005595B7 /* AppDelegate.swift */ = {isa = PBXFileReference; lastKnownFileType = sourcecode.swift; path = AppDelegate.swift; sourceTree = "<group>"; };
		457E603C29353FE5005595B7 /* NotificationService.appex */ = {isa = PBXFileReference; explicitFileType = "wrapper.app-extension"; includeInIndex = 0; path = NotificationService.appex; sourceTree = BUILT_PRODUCTS_DIR; };
		457E603E29353FE5005595B7 /* NotificationService.swift */ = {isa = PBXFileReference; lastKnownFileType = sourcecode.swift; path = NotificationService.swift; sourceTree = "<group>"; };
		457E604029353FE5005595B7 /* Info.plist */ = {isa = PBXFileReference; lastKnownFileType = text.plist.xml; path = Info.plist; sourceTree = "<group>"; };
		457E604929354156005595B7 /* NetworkError.swift */ = {isa = PBXFileReference; fileEncoding = 4; lastKnownFileType = sourcecode.swift; path = NetworkError.swift; sourceTree = "<group>"; };
		457E604A29354156005595B7 /* ImageDownloader.swift */ = {isa = PBXFileReference; fileEncoding = 4; lastKnownFileType = sourcecode.swift; path = ImageDownloader.swift; sourceTree = "<group>"; };
		458E623B28EC6D75005A4E54 /* HomeScreen.swift */ = {isa = PBXFileReference; lastKnownFileType = sourcecode.swift; path = HomeScreen.swift; sourceTree = "<group>"; };
		458E623D28EC706B005A4E54 /* Screen.swift */ = {isa = PBXFileReference; lastKnownFileType = sourcecode.swift; path = Screen.swift; sourceTree = "<group>"; };
		4597D9F32950DBC3004967C7 /* #004 string to hex to string converter */ = {isa = PBXFileReference; lastKnownFileType = text; path = "#004 string to hex to string converter"; sourceTree = "<group>"; };
		459837D128EB361D00AB5433 /* #001 KeyPath class.swift */ = {isa = PBXFileReference; lastKnownFileType = sourcecode.swift; path = "#001 KeyPath class.swift"; sourceTree = "<group>"; };
		459837D528EB4B7100AB5433 /* Fruit.swift */ = {isa = PBXFileReference; lastKnownFileType = sourcecode.swift; path = Fruit.swift; sourceTree = "<group>"; };
		459837D828EB5C1400AB5433 /* ImageVideoCapturerExampleScreen.swift */ = {isa = PBXFileReference; lastKnownFileType = sourcecode.swift; path = ImageVideoCapturerExampleScreen.swift; sourceTree = "<group>"; };
		459837DA28EB5C3D00AB5433 /* ImageVideoCapturer.swift */ = {isa = PBXFileReference; lastKnownFileType = sourcecode.swift; path = ImageVideoCapturer.swift; sourceTree = "<group>"; };
		459837DC28EB614700AB5433 /* Why-Not-SwiftUI-Info.plist */ = {isa = PBXFileReference; lastKnownFileType = text.plist; path = "Why-Not-SwiftUI-Info.plist"; sourceTree = SOURCE_ROOT; };
		459CA62628E702D400FC6F42 /* FitnessRingCardView.swift */ = {isa = PBXFileReference; lastKnownFileType = sourcecode.swift; path = FitnessRingCardView.swift; sourceTree = "<group>"; };
		459CA62A28E70E2B00FC6F42 /* Typography.swift */ = {isa = PBXFileReference; lastKnownFileType = sourcecode.swift; path = Typography.swift; sourceTree = "<group>"; };
		459CA62F28E70F2700FC6F42 /* OverviewRingCardView.swift */ = {isa = PBXFileReference; lastKnownFileType = sourcecode.swift; path = OverviewRingCardView.swift; sourceTree = "<group>"; };
		459CA63228E70F5600FC6F42 /* RingChart.swift */ = {isa = PBXFileReference; lastKnownFileType = sourcecode.swift; path = RingChart.swift; sourceTree = "<group>"; };
		459CA63928E76EAA00FC6F42 /* RingChartRing.swift */ = {isa = PBXFileReference; lastKnownFileType = sourcecode.swift; path = RingChartRing.swift; sourceTree = "<group>"; };
		459EC1092900561D0019C555 /* TrackingService.swift */ = {isa = PBXFileReference; lastKnownFileType = sourcecode.swift; path = TrackingService.swift; sourceTree = "<group>"; };
		459EC10B290059620019C555 /* Color.swift */ = {isa = PBXFileReference; fileEncoding = 4; lastKnownFileType = sourcecode.swift; path = Color.swift; sourceTree = "<group>"; };
		459EC10D290067B00019C555 /* MetricKitScreen.swift */ = {isa = PBXFileReference; lastKnownFileType = sourcecode.swift; path = MetricKitScreen.swift; sourceTree = "<group>"; };
		459EC10F29007BF90019C555 /* View+ConditionalModifier.swift */ = {isa = PBXFileReference; lastKnownFileType = sourcecode.swift; path = "View+ConditionalModifier.swift"; sourceTree = "<group>"; };
		459EC111290086640019C555 /* MetircKitViewModel.swift */ = {isa = PBXFileReference; lastKnownFileType = sourcecode.swift; path = MetircKitViewModel.swift; sourceTree = "<group>"; };
		45ACAF4F28F9F61B00C5467F /* CustomSideBarScreen.swift */ = {isa = PBXFileReference; lastKnownFileType = sourcecode.swift; path = CustomSideBarScreen.swift; sourceTree = "<group>"; };
		45ACAF5128F9F68600C5467F /* CustomSideBar.swift */ = {isa = PBXFileReference; lastKnownFileType = sourcecode.swift; path = CustomSideBar.swift; sourceTree = "<group>"; };
		45B2D05B29031202006A631E /* ExtUIGestureRecognizerDelegate.swift */ = {isa = PBXFileReference; fileEncoding = 4; lastKnownFileType = sourcecode.swift; path = ExtUIGestureRecognizerDelegate.swift; sourceTree = "<group>"; };
		45BE890F28A05F73008DF51F /* Why Not SwiftUI!.app */ = {isa = PBXFileReference; explicitFileType = wrapper.application; includeInIndex = 0; path = "Why Not SwiftUI!.app"; sourceTree = BUILT_PRODUCTS_DIR; };
		45BE891228A05F73008DF51F /* Why_Not_SwiftUIApp.swift */ = {isa = PBXFileReference; lastKnownFileType = sourcecode.swift; path = Why_Not_SwiftUIApp.swift; sourceTree = "<group>"; };
		45BE891628A05F76008DF51F /* Assets.xcassets */ = {isa = PBXFileReference; lastKnownFileType = folder.assetcatalog; path = Assets.xcassets; sourceTree = "<group>"; };
		45BE891928A05F76008DF51F /* Preview Assets.xcassets */ = {isa = PBXFileReference; lastKnownFileType = folder.assetcatalog; path = "Preview Assets.xcassets"; sourceTree = "<group>"; };
		45BE892428A06D24008DF51F /* GoRestAPI.swift */ = {isa = PBXFileReference; lastKnownFileType = sourcecode.swift; path = GoRestAPI.swift; sourceTree = "<group>"; };
		45BE892628A06FF8008DF51F /* HomeViewModel.swift */ = {isa = PBXFileReference; lastKnownFileType = sourcecode.swift; path = HomeViewModel.swift; sourceTree = "<group>"; };
/* End PBXFileReference section */

/* Begin PBXFrameworksBuildPhase section */
		457E603929353FE5005595B7 /* Frameworks */ = {
			isa = PBXFrameworksBuildPhase;
			buildActionMask = 2147483647;
			files = (
			);
			runOnlyForDeploymentPostprocessing = 0;
		};
		45BE890C28A05F73008DF51F /* Frameworks */ = {
			isa = PBXFrameworksBuildPhase;
			buildActionMask = 2147483647;
			files = (
				45BE892228A063A5008DF51F /* CombineMoya in Frameworks */,
			);
			runOnlyForDeploymentPostprocessing = 0;
		};
/* End PBXFrameworksBuildPhase section */

/* Begin PBXGroup section */
		4568D1A028F8233D00FFDC5E /* Extensions */ = {
			isa = PBXGroup;
			children = (
				457B0ADD28FB73DB0019ED01 /* ExtUIApplicatin.swift */,
				459EC10B290059620019C555 /* Color.swift */,
				4568D1A128F8235700FFDC5E /* UIDevice+JailBroken.swift */,
				459EC10F29007BF90019C555 /* View+ConditionalModifier.swift */,
				45B2D05B29031202006A631E /* ExtUIGestureRecognizerDelegate.swift */,
			);
			path = Extensions;
			sourceTree = "<group>";
		};
		4568D1A328F894CC00FFDC5E /* BottomNavVsSideBar */ = {
			isa = PBXGroup;
			children = (
				4568D1A428F8950600FFDC5E /* BottomNavVsSideBarScreen.swift */,
				4568D1AD28F898E700FFDC5E /* BottomNavIOSScreen.swift */,
				4568D1AF28F8990D00FFDC5E /* SideBarIPadScreen.swift */,
				4568D1B128F8992C00FFDC5E /* ColorScreen.swift */,
			);
			path = BottomNavVsSideBar;
			sourceTree = "<group>";
		};
		4568D1A628F8950D00FFDC5E /* Splash */ = {
			isa = PBXGroup;
			children = (
				4568D1A728F8951A00FFDC5E /* SplashScreen.swift */,
			);
			path = Splash;
			sourceTree = "<group>";
		};
		4568D1AA28F8972700FFDC5E /* Main */ = {
			isa = PBXGroup;
			children = (
				4568D1AB28F8975D00FFDC5E /* MainScreen.swift */,
			);
			path = Main;
			sourceTree = "<group>";
		};
		45799F2F28F01AD900F53467 /* CodeExample */ = {
			isa = PBXGroup;
			children = (
				459837D128EB361D00AB5433 /* #001 KeyPath class.swift */,
				45799F2D28F0041F00F53467 /* #002 some vs any keyword.swift */,
				45726D1128F44E66003DF76A /* #003 required keyword.swift */,
				4597D9F32950DBC3004967C7 /* #004 string to hex to string converter */,
			);
			path = CodeExample;
			sourceTree = "<group>";
		};
		457E6033293533F8005595B7 /* Mock */ = {
			isa = PBXGroup;
			children = (
				457E6034293533FF005595B7 /* PushNotification */,
			);
			path = Mock;
			sourceTree = "<group>";
		};
		457E6034293533FF005595B7 /* PushNotification */ = {
			isa = PBXGroup;
			children = (
				457E603529353453005595B7 /* example_payload.apns */,
			);
			path = PushNotification;
			sourceTree = "<group>";
		};
		457E603D29353FE5005595B7 /* NotificationService */ = {
			isa = PBXGroup;
			children = (
				457E603E29353FE5005595B7 /* NotificationService.swift */,
				457E604029353FE5005595B7 /* Info.plist */,
			);
			path = NotificationService;
			sourceTree = "<group>";
		};
		457E604829354139005595B7 /* ImageDownloader */ = {
			isa = PBXGroup;
			children = (
				457E604A29354156005595B7 /* ImageDownloader.swift */,
				457E604929354156005595B7 /* NetworkError.swift */,
			);
			path = ImageDownloader;
			sourceTree = "<group>";
		};
		458E623A28EC6CD8005A4E54 /* Home */ = {
			isa = PBXGroup;
			children = (
				458E623B28EC6D75005A4E54 /* HomeScreen.swift */,
				45BE892628A06FF8008DF51F /* HomeViewModel.swift */,
			);
			path = Home;
			sourceTree = "<group>";
		};
		459837D328EB45A800AB5433 /* VideoRecordAndUpload */ = {
			isa = PBXGroup;
			children = (
				459837D828EB5C1400AB5433 /* ImageVideoCapturerExampleScreen.swift */,
				459837DA28EB5C3D00AB5433 /* ImageVideoCapturer.swift */,
			);
			path = VideoRecordAndUpload;
			sourceTree = "<group>";
		};
		459837D428EB4B5F00AB5433 /* Model */ = {
			isa = PBXGroup;
			children = (
				459837D528EB4B7100AB5433 /* Fruit.swift */,
				458E623D28EC706B005A4E54 /* Screen.swift */,
			);
			path = Model;
			sourceTree = "<group>";
		};
		459CA62228E6FA7B00FC6F42 /* Chart */ = {
			isa = PBXGroup;
			children = (
				459CA62528E7028F00FC6F42 /* View */,
				459CA62428E7028800FC6F42 /* Model */,
				459CA62328E7028200FC6F42 /* ViewModel */,
			);
			path = Chart;
			sourceTree = "<group>";
		};
		459CA62328E7028200FC6F42 /* ViewModel */ = {
			isa = PBXGroup;
			children = (
			);
			path = ViewModel;
			sourceTree = "<group>";
		};
		459CA62428E7028800FC6F42 /* Model */ = {
			isa = PBXGroup;
			children = (
			);
			path = Model;
			sourceTree = "<group>";
		};
		459CA62528E7028F00FC6F42 /* View */ = {
			isa = PBXGroup;
			children = (
				459CA63128E70F4100FC6F42 /* Components */,
				459CA62628E702D400FC6F42 /* FitnessRingCardView.swift */,
				459CA62F28E70F2700FC6F42 /* OverviewRingCardView.swift */,
			);
			path = View;
			sourceTree = "<group>";
		};
		459CA62828E703EC00FC6F42 /* UIs */ = {
			isa = PBXGroup;
			children = (
				459EC107290055FE0019C555 /* MetricKit */,
				4568D1A328F894CC00FFDC5E /* BottomNavVsSideBar */,
				459CA62228E6FA7B00FC6F42 /* Chart */,
				45ACAF4E28F9F60000C5467F /* CustomSideBar */,
				458E623A28EC6CD8005A4E54 /* Home */,
				4568D1AA28F8972700FFDC5E /* Main */,
				4568D1A628F8950D00FFDC5E /* Splash */,
				459837D328EB45A800AB5433 /* VideoRecordAndUpload */,
			);
			path = UIs;
			sourceTree = "<group>";
		};
		459CA62928E7040700FC6F42 /* Utils */ = {
			isa = PBXGroup;
			children = (
				457E604829354139005595B7 /* ImageDownloader */,
				4568D1A028F8233D00FFDC5E /* Extensions */,
				459CA62A28E70E2B00FC6F42 /* Typography.swift */,
				456174AB2935C6370078B997 /* NotificationUtils.swift */,
			);
			path = Utils;
			sourceTree = "<group>";
		};
		459CA62C28E70E4500FC6F42 /* Resources */ = {
			isa = PBXGroup;
			children = (
				459CA62E28E70E5600FC6F42 /* Catalogs */,
				459CA62D28E70E4C00FC6F42 /* Fonts */,
			);
			path = Resources;
			sourceTree = "<group>";
		};
		459CA62D28E70E4C00FC6F42 /* Fonts */ = {
			isa = PBXGroup;
			children = (
			);
			path = Fonts;
			sourceTree = "<group>";
		};
		459CA62E28E70E5600FC6F42 /* Catalogs */ = {
			isa = PBXGroup;
			children = (
				45BE891628A05F76008DF51F /* Assets.xcassets */,
			);
			path = Catalogs;
			sourceTree = "<group>";
		};
		459CA63128E70F4100FC6F42 /* Components */ = {
			isa = PBXGroup;
			children = (
				459CA63728E76E6A00FC6F42 /* RingChart */,
			);
			path = Components;
			sourceTree = "<group>";
		};
		459CA63728E76E6A00FC6F42 /* RingChart */ = {
			isa = PBXGroup;
			children = (
				459CA63228E70F5600FC6F42 /* RingChart.swift */,
				459CA63928E76EAA00FC6F42 /* RingChartRing.swift */,
			);
			path = RingChart;
			sourceTree = "<group>";
		};
		459EC107290055FE0019C555 /* MetricKit */ = {
			isa = PBXGroup;
			children = (
				459EC1092900561D0019C555 /* TrackingService.swift */,
				459EC10D290067B00019C555 /* MetricKitScreen.swift */,
				459EC111290086640019C555 /* MetircKitViewModel.swift */,
				450776D4290195AF00C05007 /* example_crash_report.json */,
			);
			path = MetricKit;
			sourceTree = "<group>";
		};
		45ACAF4E28F9F60000C5467F /* CustomSideBar */ = {
			isa = PBXGroup;
			children = (
				45ACAF4F28F9F61B00C5467F /* CustomSideBarScreen.swift */,
				45ACAF5128F9F68600C5467F /* CustomSideBar.swift */,
				457B0AD928FB70340019ED01 /* MenuModels.swift */,
				457B0ADB28FB70730019ED01 /* MenuRow.swift */,
			);
			path = CustomSideBar;
			sourceTree = "<group>";
		};
		45BE890628A05F73008DF51F = {
			isa = PBXGroup;
			children = (
				4571D622293729B700573547 /* Localizable.strings */,
				45BE891128A05F73008DF51F /* Why Not SwiftUI */,
				457E603D29353FE5005595B7 /* NotificationService */,
				45BE891028A05F73008DF51F /* Products */,
			);
			sourceTree = "<group>";
		};
		45BE891028A05F73008DF51F /* Products */ = {
			isa = PBXGroup;
			children = (
				45BE890F28A05F73008DF51F /* Why Not SwiftUI!.app */,
				457E603C29353FE5005595B7 /* NotificationService.appex */,
			);
			name = Products;
			sourceTree = "<group>";
		};
		45BE891128A05F73008DF51F /* Why Not SwiftUI */ = {
			isa = PBXGroup;
			children = (
				457E6033293533F8005595B7 /* Mock */,
				45799F2F28F01AD900F53467 /* CodeExample */,
				459837D428EB4B5F00AB5433 /* Model */,
				459CA62C28E70E4500FC6F42 /* Resources */,
				459CA62928E7040700FC6F42 /* Utils */,
				459CA62828E703EC00FC6F42 /* UIs */,
				45BE892328A06CEC008DF51F /* Network */,
				45BE891228A05F73008DF51F /* Why_Not_SwiftUIApp.swift */,
				457E6036293536FD005595B7 /* AppDelegate.swift */,
				459837DC28EB614700AB5433 /* Why-Not-SwiftUI-Info.plist */,
				45BE891828A05F76008DF51F /* Preview Content */,
			);
			path = "Why Not SwiftUI";
			sourceTree = "<group>";
		};
		45BE891828A05F76008DF51F /* Preview Content */ = {
			isa = PBXGroup;
			children = (
				45BE891928A05F76008DF51F /* Preview Assets.xcassets */,
			);
			path = "Preview Content";
			sourceTree = "<group>";
		};
		45BE892328A06CEC008DF51F /* Network */ = {
			isa = PBXGroup;
			children = (
				45BE892428A06D24008DF51F /* GoRestAPI.swift */,
			);
			path = Network;
			sourceTree = "<group>";
		};
/* End PBXGroup section */

/* Begin PBXNativeTarget section */
		457E603B29353FE5005595B7 /* NotificationService */ = {
			isa = PBXNativeTarget;
			buildConfigurationList = 457E604429353FE5005595B7 /* Build configuration list for PBXNativeTarget "NotificationService" */;
			buildPhases = (
				457E603829353FE5005595B7 /* Sources */,
				457E603929353FE5005595B7 /* Frameworks */,
				457E603A29353FE5005595B7 /* Resources */,
			);
			buildRules = (
			);
			dependencies = (
			);
			name = NotificationService;
			productName = NotificationService;
			productReference = 457E603C29353FE5005595B7 /* NotificationService.appex */;
			productType = "com.apple.product-type.app-extension";
		};
		45BE890E28A05F73008DF51F /* Why Not SwiftUI */ = {
			isa = PBXNativeTarget;
			buildConfigurationList = 45BE891D28A05F76008DF51F /* Build configuration list for PBXNativeTarget "Why Not SwiftUI" */;
			buildPhases = (
				45BE890B28A05F73008DF51F /* Sources */,
				45BE890C28A05F73008DF51F /* Frameworks */,
				45BE890D28A05F73008DF51F /* Resources */,
				457E604729353FE5005595B7 /* Embed Foundation Extensions */,
			);
			buildRules = (
			);
			dependencies = (
				457E604229353FE5005595B7 /* PBXTargetDependency */,
			);
			name = "Why Not SwiftUI";
			packageProductDependencies = (
				45BE892128A063A5008DF51F /* CombineMoya */,
			);
			productName = "Why Not SwiftUI";
			productReference = 45BE890F28A05F73008DF51F /* Why Not SwiftUI!.app */;
			productType = "com.apple.product-type.application";
		};
/* End PBXNativeTarget section */

/* Begin PBXProject section */
		45BE890728A05F73008DF51F /* Project object */ = {
			isa = PBXProject;
			attributes = {
				BuildIndependentTargetsInParallel = 1;
				LastSwiftUpdateCheck = 1410;
				LastUpgradeCheck = 1340;
				TargetAttributes = {
					457E603B29353FE5005595B7 = {
						CreatedOnToolsVersion = 14.1;
					};
					45BE890E28A05F73008DF51F = {
						CreatedOnToolsVersion = 13.4.1;
					};
				};
			};
			buildConfigurationList = 45BE890A28A05F73008DF51F /* Build configuration list for PBXProject "Why Not SwiftUI" */;
			compatibilityVersion = "Xcode 14.0";
			developmentRegion = en;
			hasScannedForEncodings = 0;
			knownRegions = (
				en,
				Base,
				bn,
			);
			mainGroup = 45BE890628A05F73008DF51F;
			packageReferences = (
				45BE892028A063A5008DF51F /* XCRemoteSwiftPackageReference "Moya" */,
			);
			productRefGroup = 45BE891028A05F73008DF51F /* Products */;
			projectDirPath = "";
			projectRoot = "";
			targets = (
				45BE890E28A05F73008DF51F /* Why Not SwiftUI */,
				457E603B29353FE5005595B7 /* NotificationService */,
			);
		};
/* End PBXProject section */

/* Begin PBXResourcesBuildPhase section */
		457E603A29353FE5005595B7 /* Resources */ = {
			isa = PBXResourcesBuildPhase;
			buildActionMask = 2147483647;
			files = (
			);
			runOnlyForDeploymentPostprocessing = 0;
		};
		45BE890D28A05F73008DF51F /* Resources */ = {
			isa = PBXResourcesBuildPhase;
			buildActionMask = 2147483647;
			files = (
				45BE891A28A05F76008DF51F /* Preview Assets.xcassets in Resources */,
				4571D620293729B700573547 /* Localizable.strings in Resources */,
				45BE891728A05F76008DF51F /* Assets.xcassets in Resources */,
				450776D5290195AF00C05007 /* example_crash_report.json in Resources */,
			);
			runOnlyForDeploymentPostprocessing = 0;
		};
/* End PBXResourcesBuildPhase section */

/* Begin PBXSourcesBuildPhase section */
		457E603829353FE5005595B7 /* Sources */ = {
			isa = PBXSourcesBuildPhase;
			buildActionMask = 2147483647;
			files = (
				457E603F29353FE5005595B7 /* NotificationService.swift in Sources */,
				457E604E29354156005595B7 /* ImageDownloader.swift in Sources */,
				457E604C29354156005595B7 /* NetworkError.swift in Sources */,
			);
			runOnlyForDeploymentPostprocessing = 0;
		};
		45BE890B28A05F73008DF51F /* Sources */ = {
			isa = PBXSourcesBuildPhase;
			buildActionMask = 2147483647;
			files = (
				45B2D05C29031202006A631E /* ExtUIGestureRecognizerDelegate.swift in Sources */,
				459EC10E290067B00019C555 /* MetricKitScreen.swift in Sources */,
				456174AC2935C6370078B997 /* NotificationUtils.swift in Sources */,
				459EC10E290067B00019C555 /* MetricKitScreen.swift in Sources */,
				4568D1A528F8950600FFDC5E /* BottomNavVsSideBarScreen.swift in Sources */,
				459EC11029007BF90019C555 /* View+ConditionalModifier.swift in Sources */,
				459837DB28EB5C3D00AB5433 /* ImageVideoCapturer.swift in Sources */,
				457B0ADC28FB70730019ED01 /* MenuRow.swift in Sources */,
				45BE892528A06D24008DF51F /* GoRestAPI.swift in Sources */,
				459CA62728E702D400FC6F42 /* FitnessRingCardView.swift in Sources */,
				459837D928EB5C1400AB5433 /* ImageVideoCapturerExampleScreen.swift in Sources */,
				45BE891328A05F73008DF51F /* Why_Not_SwiftUIApp.swift in Sources */,
				459EC10A2900561D0019C555 /* TrackingService.swift in Sources */,
				45ACAF5228F9F68600C5467F /* CustomSideBar.swift in Sources */,
				459CA63A28E76EAA00FC6F42 /* RingChartRing.swift in Sources */,
				459837D628EB4B7100AB5433 /* Fruit.swift in Sources */,
				4568D1AE28F898E700FFDC5E /* BottomNavIOSScreen.swift in Sources */,
				45726D1228F44E66003DF76A /* #003 required keyword.swift in Sources */,
				45799F2E28F0041F00F53467 /* #002 some vs any keyword.swift in Sources */,
				457E6037293536FD005595B7 /* AppDelegate.swift in Sources */,
				45ACAF5028F9F61B00C5467F /* CustomSideBarScreen.swift in Sources */,
				458E623E28EC706B005A4E54 /* Screen.swift in Sources */,
				4568D1A228F8235700FFDC5E /* UIDevice+JailBroken.swift in Sources */,
				4568D1AC28F8975D00FFDC5E /* MainScreen.swift in Sources */,
				459EC10C290059620019C555 /* Color.swift in Sources */,
				459EC112290086640019C555 /* MetircKitViewModel.swift in Sources */,
				458E623C28EC6D75005A4E54 /* HomeScreen.swift in Sources */,
				459837D228EB361D00AB5433 /* #001 KeyPath class.swift in Sources */,
				459CA63028E70F2700FC6F42 /* OverviewRingCardView.swift in Sources */,
				457B0ADE28FB73DB0019ED01 /* ExtUIApplicatin.swift in Sources */,
				4568D1B228F8992C00FFDC5E /* ColorScreen.swift in Sources */,
				4568D1A828F8951A00FFDC5E /* SplashScreen.swift in Sources */,
				4568D1B028F8990D00FFDC5E /* SideBarIPadScreen.swift in Sources */,
				457E604D29354156005595B7 /* ImageDownloader.swift in Sources */,
				459CA62B28E70E2B00FC6F42 /* Typography.swift in Sources */,
				45BE892728A06FF8008DF51F /* HomeViewModel.swift in Sources */,
				4597D9F42950DBC3004967C7 /* #004 string to hex to string converter in Sources */,
				457E604B29354156005595B7 /* NetworkError.swift in Sources */,
				457B0ADA28FB70340019ED01 /* MenuModels.swift in Sources */,
				459CA63328E70F5600FC6F42 /* RingChart.swift in Sources */,
			);
			runOnlyForDeploymentPostprocessing = 0;
		};
/* End PBXSourcesBuildPhase section */

/* Begin PBXTargetDependency section */
		457E604229353FE5005595B7 /* PBXTargetDependency */ = {
			isa = PBXTargetDependency;
			target = 457E603B29353FE5005595B7 /* NotificationService */;
			targetProxy = 457E604129353FE5005595B7 /* PBXContainerItemProxy */;
		};
/* End PBXTargetDependency section */

/* Begin PBXVariantGroup section */
		4571D622293729B700573547 /* Localizable.strings */ = {
			isa = PBXVariantGroup;
			children = (
				4571D621293729B700573547 /* en */,
				4571D623293729C400573547 /* bn */,
			);
			name = Localizable.strings;
			sourceTree = "<group>";
		};
/* End PBXVariantGroup section */

/* Begin XCBuildConfiguration section */
		457E604529353FE5005595B7 /* Debug */ = {
			isa = XCBuildConfiguration;
			buildSettings = {
				CLANG_CXX_LANGUAGE_STANDARD = "gnu++20";
				CODE_SIGN_STYLE = Automatic;
				CURRENT_PROJECT_VERSION = 1;
				DEVELOPMENT_TEAM = UT4XSTUQLU;
				GENERATE_INFOPLIST_FILE = YES;
				INFOPLIST_FILE = NotificationService/Info.plist;
				INFOPLIST_KEY_CFBundleDisplayName = NotificationService;
				INFOPLIST_KEY_NSHumanReadableCopyright = "";
				IPHONEOS_DEPLOYMENT_TARGET = 16.0;
				LD_RUNPATH_SEARCH_PATHS = (
					"$(inherited)",
					"@executable_path/Frameworks",
					"@executable_path/../../Frameworks",
				);
				MARKETING_VERSION = 1.0;
				PRODUCT_BUNDLE_IDENTIFIER = "org.imaginativeworld.Why-Not-SwiftUI.NotificationService";
				PRODUCT_NAME = "$(TARGET_NAME)";
				SKIP_INSTALL = YES;
				SWIFT_EMIT_LOC_STRINGS = YES;
				SWIFT_VERSION = 5.0;
				TARGETED_DEVICE_FAMILY = "1,2";
			};
			name = Debug;
		};
		457E604629353FE5005595B7 /* Release */ = {
			isa = XCBuildConfiguration;
			buildSettings = {
				CLANG_CXX_LANGUAGE_STANDARD = "gnu++20";
				CODE_SIGN_STYLE = Automatic;
				CURRENT_PROJECT_VERSION = 1;
				DEVELOPMENT_TEAM = UT4XSTUQLU;
				GENERATE_INFOPLIST_FILE = YES;
				INFOPLIST_FILE = NotificationService/Info.plist;
				INFOPLIST_KEY_CFBundleDisplayName = NotificationService;
				INFOPLIST_KEY_NSHumanReadableCopyright = "";
				IPHONEOS_DEPLOYMENT_TARGET = 16.0;
				LD_RUNPATH_SEARCH_PATHS = (
					"$(inherited)",
					"@executable_path/Frameworks",
					"@executable_path/../../Frameworks",
				);
				MARKETING_VERSION = 1.0;
				PRODUCT_BUNDLE_IDENTIFIER = "org.imaginativeworld.Why-Not-SwiftUI.NotificationService";
				PRODUCT_NAME = "$(TARGET_NAME)";
				SKIP_INSTALL = YES;
				SWIFT_EMIT_LOC_STRINGS = YES;
				SWIFT_VERSION = 5.0;
				TARGETED_DEVICE_FAMILY = "1,2";
			};
			name = Release;
		};
		45BE891B28A05F76008DF51F /* Debug */ = {
			isa = XCBuildConfiguration;
			buildSettings = {
				ALWAYS_SEARCH_USER_PATHS = NO;
				CLANG_ANALYZER_NONNULL = YES;
				CLANG_ANALYZER_NUMBER_OBJECT_CONVERSION = YES_AGGRESSIVE;
				CLANG_CXX_LANGUAGE_STANDARD = "gnu++17";
				CLANG_ENABLE_MODULES = YES;
				CLANG_ENABLE_OBJC_ARC = YES;
				CLANG_ENABLE_OBJC_WEAK = YES;
				CLANG_WARN_BLOCK_CAPTURE_AUTORELEASING = YES;
				CLANG_WARN_BOOL_CONVERSION = YES;
				CLANG_WARN_COMMA = YES;
				CLANG_WARN_CONSTANT_CONVERSION = YES;
				CLANG_WARN_DEPRECATED_OBJC_IMPLEMENTATIONS = YES;
				CLANG_WARN_DIRECT_OBJC_ISA_USAGE = YES_ERROR;
				CLANG_WARN_DOCUMENTATION_COMMENTS = YES;
				CLANG_WARN_EMPTY_BODY = YES;
				CLANG_WARN_ENUM_CONVERSION = YES;
				CLANG_WARN_INFINITE_RECURSION = YES;
				CLANG_WARN_INT_CONVERSION = YES;
				CLANG_WARN_NON_LITERAL_NULL_CONVERSION = YES;
				CLANG_WARN_OBJC_IMPLICIT_RETAIN_SELF = YES;
				CLANG_WARN_OBJC_LITERAL_CONVERSION = YES;
				CLANG_WARN_OBJC_ROOT_CLASS = YES_ERROR;
				CLANG_WARN_QUOTED_INCLUDE_IN_FRAMEWORK_HEADER = YES;
				CLANG_WARN_RANGE_LOOP_ANALYSIS = YES;
				CLANG_WARN_STRICT_PROTOTYPES = YES;
				CLANG_WARN_SUSPICIOUS_MOVE = YES;
				CLANG_WARN_UNGUARDED_AVAILABILITY = YES_AGGRESSIVE;
				CLANG_WARN_UNREACHABLE_CODE = YES;
				CLANG_WARN__DUPLICATE_METHOD_MATCH = YES;
				COPY_PHASE_STRIP = NO;
				DEBUG_INFORMATION_FORMAT = dwarf;
				ENABLE_STRICT_OBJC_MSGSEND = YES;
				ENABLE_TESTABILITY = YES;
				GCC_C_LANGUAGE_STANDARD = gnu11;
				GCC_DYNAMIC_NO_PIC = NO;
				GCC_NO_COMMON_BLOCKS = YES;
				GCC_OPTIMIZATION_LEVEL = 0;
				GCC_PREPROCESSOR_DEFINITIONS = (
					"DEBUG=1",
					"$(inherited)",
				);
				GCC_WARN_64_TO_32_BIT_CONVERSION = YES;
				GCC_WARN_ABOUT_RETURN_TYPE = YES_ERROR;
				GCC_WARN_UNDECLARED_SELECTOR = YES;
				GCC_WARN_UNINITIALIZED_AUTOS = YES_AGGRESSIVE;
				GCC_WARN_UNUSED_FUNCTION = YES;
				GCC_WARN_UNUSED_VARIABLE = YES;
				IPHONEOS_DEPLOYMENT_TARGET = 16.0;
				MTL_ENABLE_DEBUG_INFO = INCLUDE_SOURCE;
				MTL_FAST_MATH = YES;
				ONLY_ACTIVE_ARCH = YES;
				SDKROOT = iphoneos;
				SWIFT_ACTIVE_COMPILATION_CONDITIONS = DEBUG;
				SWIFT_OPTIMIZATION_LEVEL = "-Onone";
			};
			name = Debug;
		};
		45BE891C28A05F76008DF51F /* Release */ = {
			isa = XCBuildConfiguration;
			buildSettings = {
				ALWAYS_SEARCH_USER_PATHS = NO;
				CLANG_ANALYZER_NONNULL = YES;
				CLANG_ANALYZER_NUMBER_OBJECT_CONVERSION = YES_AGGRESSIVE;
				CLANG_CXX_LANGUAGE_STANDARD = "gnu++17";
				CLANG_ENABLE_MODULES = YES;
				CLANG_ENABLE_OBJC_ARC = YES;
				CLANG_ENABLE_OBJC_WEAK = YES;
				CLANG_WARN_BLOCK_CAPTURE_AUTORELEASING = YES;
				CLANG_WARN_BOOL_CONVERSION = YES;
				CLANG_WARN_COMMA = YES;
				CLANG_WARN_CONSTANT_CONVERSION = YES;
				CLANG_WARN_DEPRECATED_OBJC_IMPLEMENTATIONS = YES;
				CLANG_WARN_DIRECT_OBJC_ISA_USAGE = YES_ERROR;
				CLANG_WARN_DOCUMENTATION_COMMENTS = YES;
				CLANG_WARN_EMPTY_BODY = YES;
				CLANG_WARN_ENUM_CONVERSION = YES;
				CLANG_WARN_INFINITE_RECURSION = YES;
				CLANG_WARN_INT_CONVERSION = YES;
				CLANG_WARN_NON_LITERAL_NULL_CONVERSION = YES;
				CLANG_WARN_OBJC_IMPLICIT_RETAIN_SELF = YES;
				CLANG_WARN_OBJC_LITERAL_CONVERSION = YES;
				CLANG_WARN_OBJC_ROOT_CLASS = YES_ERROR;
				CLANG_WARN_QUOTED_INCLUDE_IN_FRAMEWORK_HEADER = YES;
				CLANG_WARN_RANGE_LOOP_ANALYSIS = YES;
				CLANG_WARN_STRICT_PROTOTYPES = YES;
				CLANG_WARN_SUSPICIOUS_MOVE = YES;
				CLANG_WARN_UNGUARDED_AVAILABILITY = YES_AGGRESSIVE;
				CLANG_WARN_UNREACHABLE_CODE = YES;
				CLANG_WARN__DUPLICATE_METHOD_MATCH = YES;
				COPY_PHASE_STRIP = NO;
				DEBUG_INFORMATION_FORMAT = "dwarf-with-dsym";
				ENABLE_NS_ASSERTIONS = NO;
				ENABLE_STRICT_OBJC_MSGSEND = YES;
				GCC_C_LANGUAGE_STANDARD = gnu11;
				GCC_NO_COMMON_BLOCKS = YES;
				GCC_WARN_64_TO_32_BIT_CONVERSION = YES;
				GCC_WARN_ABOUT_RETURN_TYPE = YES_ERROR;
				GCC_WARN_UNDECLARED_SELECTOR = YES;
				GCC_WARN_UNINITIALIZED_AUTOS = YES_AGGRESSIVE;
				GCC_WARN_UNUSED_FUNCTION = YES;
				GCC_WARN_UNUSED_VARIABLE = YES;
				IPHONEOS_DEPLOYMENT_TARGET = 16.0;
				MTL_ENABLE_DEBUG_INFO = NO;
				MTL_FAST_MATH = YES;
				SDKROOT = iphoneos;
				SWIFT_COMPILATION_MODE = wholemodule;
				SWIFT_OPTIMIZATION_LEVEL = "-O";
				VALIDATE_PRODUCT = YES;
			};
			name = Release;
		};
		45BE891E28A05F76008DF51F /* Debug */ = {
			isa = XCBuildConfiguration;
			buildSettings = {
				ALWAYS_EMBED_SWIFT_STANDARD_LIBRARIES = YES;
				ASSETCATALOG_COMPILER_APPICON_NAME = AppIcon;
				ASSETCATALOG_COMPILER_GLOBAL_ACCENT_COLOR_NAME = AccentColor;
				CODE_SIGN_STYLE = Automatic;
				CURRENT_PROJECT_VERSION = 1;
				DEVELOPMENT_ASSET_PATHS = "\"Why Not SwiftUI/Preview Content\"";
				DEVELOPMENT_TEAM = UT4XSTUQLU;
				ENABLE_PREVIEWS = YES;
				GENERATE_INFOPLIST_FILE = YES;
				INFOPLIST_FILE = "Why-Not-SwiftUI-Info.plist";
				INFOPLIST_KEY_NSCameraUsageDescription = "Record video";
				INFOPLIST_KEY_NSMicrophoneUsageDescription = "Record audio";
				INFOPLIST_KEY_UIApplicationSceneManifest_Generation = YES;
				INFOPLIST_KEY_UIApplicationSupportsIndirectInputEvents = YES;
				INFOPLIST_KEY_UILaunchScreen_Generation = YES;
				INFOPLIST_KEY_UISupportedInterfaceOrientations_iPad = "UIInterfaceOrientationPortrait UIInterfaceOrientationPortraitUpsideDown UIInterfaceOrientationLandscapeLeft UIInterfaceOrientationLandscapeRight";
				INFOPLIST_KEY_UISupportedInterfaceOrientations_iPhone = "UIInterfaceOrientationPortrait UIInterfaceOrientationLandscapeLeft UIInterfaceOrientationLandscapeRight";
				IPHONEOS_DEPLOYMENT_TARGET = 16.0;
				LD_RUNPATH_SEARCH_PATHS = (
					"$(inherited)",
					"@executable_path/Frameworks",
				);
				MARKETING_VERSION = 1.0;
				PRODUCT_BUNDLE_IDENTIFIER = "org.imaginativeworld.Why-Not-SwiftUI";
				PRODUCT_NAME = "Why Not SwiftUI!";
				SWIFT_EMIT_LOC_STRINGS = YES;
				SWIFT_VERSION = 5.0;
				TARGETED_DEVICE_FAMILY = "1,2";
			};
			name = Debug;
		};
		45BE891F28A05F76008DF51F /* Release */ = {
			isa = XCBuildConfiguration;
			buildSettings = {
				ALWAYS_EMBED_SWIFT_STANDARD_LIBRARIES = YES;
				ASSETCATALOG_COMPILER_APPICON_NAME = AppIcon;
				ASSETCATALOG_COMPILER_GLOBAL_ACCENT_COLOR_NAME = AccentColor;
				CODE_SIGN_STYLE = Automatic;
				CURRENT_PROJECT_VERSION = 1;
				DEVELOPMENT_ASSET_PATHS = "\"Why Not SwiftUI/Preview Content\"";
				DEVELOPMENT_TEAM = UT4XSTUQLU;
				ENABLE_PREVIEWS = YES;
				GENERATE_INFOPLIST_FILE = YES;
				INFOPLIST_FILE = "Why-Not-SwiftUI-Info.plist";
				INFOPLIST_KEY_NSCameraUsageDescription = "Record video";
				INFOPLIST_KEY_NSMicrophoneUsageDescription = "Record audio";
				INFOPLIST_KEY_UIApplicationSceneManifest_Generation = YES;
				INFOPLIST_KEY_UIApplicationSupportsIndirectInputEvents = YES;
				INFOPLIST_KEY_UILaunchScreen_Generation = YES;
				INFOPLIST_KEY_UISupportedInterfaceOrientations_iPad = "UIInterfaceOrientationPortrait UIInterfaceOrientationPortraitUpsideDown UIInterfaceOrientationLandscapeLeft UIInterfaceOrientationLandscapeRight";
				INFOPLIST_KEY_UISupportedInterfaceOrientations_iPhone = "UIInterfaceOrientationPortrait UIInterfaceOrientationLandscapeLeft UIInterfaceOrientationLandscapeRight";
				IPHONEOS_DEPLOYMENT_TARGET = 16.0;
				LD_RUNPATH_SEARCH_PATHS = (
					"$(inherited)",
					"@executable_path/Frameworks",
				);
				MARKETING_VERSION = 1.0;
				PRODUCT_BUNDLE_IDENTIFIER = "org.imaginativeworld.Why-Not-SwiftUI";
				PRODUCT_NAME = "Why Not SwiftUI!";
				SWIFT_EMIT_LOC_STRINGS = YES;
				SWIFT_VERSION = 5.0;
				TARGETED_DEVICE_FAMILY = "1,2";
			};
			name = Release;
		};
/* End XCBuildConfiguration section */

/* Begin XCConfigurationList section */
		457E604429353FE5005595B7 /* Build configuration list for PBXNativeTarget "NotificationService" */ = {
			isa = XCConfigurationList;
			buildConfigurations = (
				457E604529353FE5005595B7 /* Debug */,
				457E604629353FE5005595B7 /* Release */,
			);
			defaultConfigurationIsVisible = 0;
			defaultConfigurationName = Release;
		};
		45BE890A28A05F73008DF51F /* Build configuration list for PBXProject "Why Not SwiftUI" */ = {
			isa = XCConfigurationList;
			buildConfigurations = (
				45BE891B28A05F76008DF51F /* Debug */,
				45BE891C28A05F76008DF51F /* Release */,
			);
			defaultConfigurationIsVisible = 0;
			defaultConfigurationName = Release;
		};
		45BE891D28A05F76008DF51F /* Build configuration list for PBXNativeTarget "Why Not SwiftUI" */ = {
			isa = XCConfigurationList;
			buildConfigurations = (
				45BE891E28A05F76008DF51F /* Debug */,
				45BE891F28A05F76008DF51F /* Release */,
			);
			defaultConfigurationIsVisible = 0;
			defaultConfigurationName = Release;
		};
/* End XCConfigurationList section */

/* Begin XCRemoteSwiftPackageReference section */
		45BE892028A063A5008DF51F /* XCRemoteSwiftPackageReference "Moya" */ = {
			isa = XCRemoteSwiftPackageReference;
			repositoryURL = "https://github.com/Moya/Moya";
			requirement = {
				kind = upToNextMajorVersion;
				minimumVersion = 15.0.0;
			};
		};
/* End XCRemoteSwiftPackageReference section */

/* Begin XCSwiftPackageProductDependency section */
		45BE892128A063A5008DF51F /* CombineMoya */ = {
			isa = XCSwiftPackageProductDependency;
			package = 45BE892028A063A5008DF51F /* XCRemoteSwiftPackageReference "Moya" */;
			productName = CombineMoya;
		};
/* End XCSwiftPackageProductDependency section */
	};
	rootObject = 45BE890728A05F73008DF51F /* Project object */;
}
