// !$*UTF8*$!
{
	archiveVersion = 1;
	classes = {
	};
	objectVersion = 56;
	objects = {

/* Begin PBXBuildFile section */
		45045FBC2B0FBD2F002592AD /* AlwaysPopover.swift in Sources */ = {isa = PBXBuildFile; fileRef = 45045FBB2B0FBD2F002592AD /* AlwaysPopover.swift */; };
		45045FBF2B0FBD68002592AD /* AlwaysPopoverScreen.swift in Sources */ = {isa = PBXBuildFile; fileRef = 45045FBE2B0FBD68002592AD /* AlwaysPopoverScreen.swift */; };
		45045FC92B0FC87B002592AD /* Destination+.swift in Sources */ = {isa = PBXBuildFile; fileRef = 45045FC42B0FC87B002592AD /* Destination+.swift */; };
		45045FCF2B0FC88D002592AD /* DestinationMapper.swift in Sources */ = {isa = PBXBuildFile; fileRef = 45045FCB2B0FC88D002592AD /* DestinationMapper.swift */; };
		45045FD02B0FC88D002592AD /* Destinations.swift in Sources */ = {isa = PBXBuildFile; fileRef = 45045FCC2B0FC88D002592AD /* Destinations.swift */; };
		45045FD12B0FC88D002592AD /* NavigationDemo.swift in Sources */ = {isa = PBXBuildFile; fileRef = 45045FCD2B0FC88D002592AD /* NavigationDemo.swift */; };
		45045FD22B0FC88D002592AD /* NavController.swift in Sources */ = {isa = PBXBuildFile; fileRef = 45045FCE2B0FC88D002592AD /* NavController.swift */; };
		45045FD42B0FC9B8002592AD /* MainContainerScreen.swift in Sources */ = {isa = PBXBuildFile; fileRef = 45045FD32B0FC9B8002592AD /* MainContainerScreen.swift */; };
		450694302AC7487A00A53D4A /* SwiftMacros in Resources */ = {isa = PBXBuildFile; fileRef = 4506942F2AC7487A00A53D4A /* SwiftMacros */; };
		450776D5290195AF00C05007 /* example_crash_report.json in Resources */ = {isa = PBXBuildFile; fileRef = 450776D4290195AF00C05007 /* example_crash_report.json */; };
		450ACB7A2AC49F3C0077912D /* AccessibilityPreferences.swift in Sources */ = {isa = PBXBuildFile; fileRef = 450ACB792AC49F3C0077912D /* AccessibilityPreferences.swift */; };
		452E8F922ABE1AA9002E5A28 /* DynamicTypeScreen.swift in Sources */ = {isa = PBXBuildFile; fileRef = 452E8F912ABE1AA9002E5A28 /* DynamicTypeScreen.swift */; };
		45419E7D2B0232B4008B9501 /* ReorderListScreen.swift in Sources */ = {isa = PBXBuildFile; fileRef = 45419E7C2B0232B4008B9501 /* ReorderListScreen.swift */; };
		454539F22981310500E3D9D0 /* TextFieldValidationScreen.swift in Sources */ = {isa = PBXBuildFile; fileRef = 454539F12981310500E3D9D0 /* TextFieldValidationScreen.swift */; };
		454539F429813F7200E3D9D0 /* TextFieldValidationViewModel.swift in Sources */ = {isa = PBXBuildFile; fileRef = 454539F329813F7200E3D9D0 /* TextFieldValidationViewModel.swift */; };
		454C46DB2AD8218C00E9F96B /* DateFormat1Screen.swift in Sources */ = {isa = PBXBuildFile; fileRef = 454C46DA2AD8218C00E9F96B /* DateFormat1Screen.swift */; };
		454C46DD2AD86B2F00E9F96B /* DateFormat2Screen.swift in Sources */ = {isa = PBXBuildFile; fileRef = 454C46DC2AD86B2F00E9F96B /* DateFormat2Screen.swift */; };
		454C46DF2AD8723400E9F96B /* DateFormatScreen.swift in Sources */ = {isa = PBXBuildFile; fileRef = 454C46DE2AD8723400E9F96B /* DateFormatScreen.swift */; };
		454C46E12AD8735200E9F96B /* DateFormat3Screen.swift in Sources */ = {isa = PBXBuildFile; fileRef = 454C46E02AD8735200E9F96B /* DateFormat3Screen.swift */; };
		454C46E42AD8743500E9F96B /* LocaleData.swift in Sources */ = {isa = PBXBuildFile; fileRef = 454C46E32AD8743500E9F96B /* LocaleData.swift */; };
		454E82B22AC339F70014B6A3 /* GeneralAXModifiersScreen.swift in Sources */ = {isa = PBXBuildFile; fileRef = 454E82B12AC339F70014B6A3 /* GeneralAXModifiersScreen.swift */; };
		454E82B42AC33AE00014B6A3 /* AXRotorScreen.swift in Sources */ = {isa = PBXBuildFile; fileRef = 454E82B32AC33AE00014B6A3 /* AXRotorScreen.swift */; };
		454E82B62AC33B970014B6A3 /* CustomAXActionsScreen.swift in Sources */ = {isa = PBXBuildFile; fileRef = 454E82B52AC33B970014B6A3 /* CustomAXActionsScreen.swift */; };
		45513A9029911C1E00BF0A0D /* CustomTextFieldView.swift in Sources */ = {isa = PBXBuildFile; fileRef = 45513A8F29911C1E00BF0A0D /* CustomTextFieldView.swift */; };
		45513A9229911EEA00BF0A0D /* String+.swift in Sources */ = {isa = PBXBuildFile; fileRef = 45513A9129911EEA00BF0A0D /* String+.swift */; };
		45513A942993D69800BF0A0D /* Array+.swift in Sources */ = {isa = PBXBuildFile; fileRef = 45513A932993D69800BF0A0D /* Array+.swift */; };
		45513A962993F3BD00BF0A0D /* UIElementPreview.swift in Sources */ = {isa = PBXBuildFile; fileRef = 45513A952993F3BD00BF0A0D /* UIElementPreview.swift */; };
		45513A992998F1D500BF0A0D /* TextPreviewScreen.swift in Sources */ = {isa = PBXBuildFile; fileRef = 45513A982998F1D500BF0A0D /* TextPreviewScreen.swift */; };
		45513A9B299A179300BF0A0D /* RobotoSlab-VariableFont.ttf in Resources */ = {isa = PBXBuildFile; fileRef = 45513A9A299A179300BF0A0D /* RobotoSlab-VariableFont.ttf */; };
		4554D9C829B259F700063323 /* AccessibilityScreen.swift in Sources */ = {isa = PBXBuildFile; fileRef = 4554D9C729B259F700063323 /* AccessibilityScreen.swift */; };
		4557C0F429C4B0A20030530B /* LabelToggle.swift in Sources */ = {isa = PBXBuildFile; fileRef = 4557C0F329C4B0A20030530B /* LabelToggle.swift */; };
		4557C0F629C4B0AF0030530B /* LabelToggleScreen.swift in Sources */ = {isa = PBXBuildFile; fileRef = 4557C0F529C4B0AF0030530B /* LabelToggleScreen.swift */; };
		456174AC2935C6370078B997 /* NotificationUtils.swift in Sources */ = {isa = PBXBuildFile; fileRef = 456174AB2935C6370078B997 /* NotificationUtils.swift */; };
		4568D1A228F8235700FFDC5E /* UIDevice+JailBroken.swift in Sources */ = {isa = PBXBuildFile; fileRef = 4568D1A128F8235700FFDC5E /* UIDevice+JailBroken.swift */; };
		4568D1A528F8950600FFDC5E /* BottomNavVsSideBarScreen.swift in Sources */ = {isa = PBXBuildFile; fileRef = 4568D1A428F8950600FFDC5E /* BottomNavVsSideBarScreen.swift */; };
		4568D1A828F8951A00FFDC5E /* SplashScreen.swift in Sources */ = {isa = PBXBuildFile; fileRef = 4568D1A728F8951A00FFDC5E /* SplashScreen.swift */; };
		4568D1AC28F8975D00FFDC5E /* MainScreen.swift in Sources */ = {isa = PBXBuildFile; fileRef = 4568D1AB28F8975D00FFDC5E /* MainScreen.swift */; };
		4568D1AE28F898E700FFDC5E /* BottomNavIOSScreen.swift in Sources */ = {isa = PBXBuildFile; fileRef = 4568D1AD28F898E700FFDC5E /* BottomNavIOSScreen.swift */; };
		4568D1B028F8990D00FFDC5E /* SideBarIPadScreen.swift in Sources */ = {isa = PBXBuildFile; fileRef = 4568D1AF28F8990D00FFDC5E /* SideBarIPadScreen.swift */; };
		4568D1B228F8992C00FFDC5E /* ColorScreen.swift in Sources */ = {isa = PBXBuildFile; fileRef = 4568D1B128F8992C00FFDC5E /* ColorScreen.swift */; };
		4571D620293729B700573547 /* Localizable.strings in Resources */ = {isa = PBXBuildFile; fileRef = 4571D622293729B700573547 /* Localizable.strings */; };
		45726D1228F44E66003DF76A /* #003 required keyword.swift in Sources */ = {isa = PBXBuildFile; fileRef = 45726D1128F44E66003DF76A /* #003 required keyword.swift */; };
		45799F2E28F0041F00F53467 /* #002 some vs any keyword.swift in Sources */ = {isa = PBXBuildFile; fileRef = 45799F2D28F0041F00F53467 /* #002 some vs any keyword.swift */; };
		457B0ADA28FB70340019ED01 /* MenuModels.swift in Sources */ = {isa = PBXBuildFile; fileRef = 457B0AD928FB70340019ED01 /* MenuModels.swift */; };
		457B0ADC28FB70730019ED01 /* MenuRow.swift in Sources */ = {isa = PBXBuildFile; fileRef = 457B0ADB28FB70730019ED01 /* MenuRow.swift */; };
		457B0ADE28FB73DB0019ED01 /* ExtUIApplicatin.swift in Sources */ = {isa = PBXBuildFile; fileRef = 457B0ADD28FB73DB0019ED01 /* ExtUIApplicatin.swift */; };
		457E6037293536FD005595B7 /* AppDelegate.swift in Sources */ = {isa = PBXBuildFile; fileRef = 457E6036293536FD005595B7 /* AppDelegate.swift */; };
		457E603F29353FE5005595B7 /* NotificationService.swift in Sources */ = {isa = PBXBuildFile; fileRef = 457E603E29353FE5005595B7 /* NotificationService.swift */; };
		457E604329353FE5005595B7 /* NotificationService.appex in Embed Foundation Extensions */ = {isa = PBXBuildFile; fileRef = 457E603C29353FE5005595B7 /* NotificationService.appex */; settings = {ATTRIBUTES = (RemoveHeadersOnCopy, ); }; };
		457E604B29354156005595B7 /* NetworkError.swift in Sources */ = {isa = PBXBuildFile; fileRef = 457E604929354156005595B7 /* NetworkError.swift */; };
		457E604C29354156005595B7 /* NetworkError.swift in Sources */ = {isa = PBXBuildFile; fileRef = 457E604929354156005595B7 /* NetworkError.swift */; };
		457E604D29354156005595B7 /* ImageDownloader.swift in Sources */ = {isa = PBXBuildFile; fileRef = 457E604A29354156005595B7 /* ImageDownloader.swift */; };
		457E604E29354156005595B7 /* ImageDownloader.swift in Sources */ = {isa = PBXBuildFile; fileRef = 457E604A29354156005595B7 /* ImageDownloader.swift */; };
		458E623C28EC6D75005A4E54 /* HomeScreen.swift in Sources */ = {isa = PBXBuildFile; fileRef = 458E623B28EC6D75005A4E54 /* HomeScreen.swift */; };
		458E623E28EC706B005A4E54 /* Screen.swift in Sources */ = {isa = PBXBuildFile; fileRef = 458E623D28EC706B005A4E54 /* Screen.swift */; };
		4592F21E2AF9470200317B77 /* SwiftUIIntrospect in Frameworks */ = {isa = PBXBuildFile; productRef = 4592F21D2AF9470200317B77 /* SwiftUIIntrospect */; };
		459837D228EB361D00AB5433 /* #001 KeyPath class.swift in Sources */ = {isa = PBXBuildFile; fileRef = 459837D128EB361D00AB5433 /* #001 KeyPath class.swift */; };
		459837D628EB4B7100AB5433 /* Fruit.swift in Sources */ = {isa = PBXBuildFile; fileRef = 459837D528EB4B7100AB5433 /* Fruit.swift */; };
		459837D928EB5C1400AB5433 /* MediaSelectScreen.swift in Sources */ = {isa = PBXBuildFile; fileRef = 459837D828EB5C1400AB5433 /* MediaSelectScreen.swift */; };
		459837DB28EB5C3D00AB5433 /* ImageVideoCapturer.swift in Sources */ = {isa = PBXBuildFile; fileRef = 459837DA28EB5C3D00AB5433 /* ImageVideoCapturer.swift */; };
		459CA62728E702D400FC6F42 /* FitnessRingCardScreen.swift in Sources */ = {isa = PBXBuildFile; fileRef = 459CA62628E702D400FC6F42 /* FitnessRingCardScreen.swift */; };
		459CA62B28E70E2B00FC6F42 /* Typography.swift in Sources */ = {isa = PBXBuildFile; fileRef = 459CA62A28E70E2B00FC6F42 /* Typography.swift */; };
		459CA63028E70F2700FC6F42 /* OverviewRingCardScreen.swift in Sources */ = {isa = PBXBuildFile; fileRef = 459CA62F28E70F2700FC6F42 /* OverviewRingCardScreen.swift */; };
		459CA63328E70F5600FC6F42 /* RingChart.swift in Sources */ = {isa = PBXBuildFile; fileRef = 459CA63228E70F5600FC6F42 /* RingChart.swift */; };
		459CA63A28E76EAA00FC6F42 /* RingChartRing.swift in Sources */ = {isa = PBXBuildFile; fileRef = 459CA63928E76EAA00FC6F42 /* RingChartRing.swift */; };
		459EC10A2900561D0019C555 /* TrackingService.swift in Sources */ = {isa = PBXBuildFile; fileRef = 459EC1092900561D0019C555 /* TrackingService.swift */; };
		459EC10C290059620019C555 /* Color.swift in Sources */ = {isa = PBXBuildFile; fileRef = 459EC10B290059620019C555 /* Color.swift */; };
		459EC10E290067B00019C555 /* MetricKitScreen.swift in Sources */ = {isa = PBXBuildFile; fileRef = 459EC10D290067B00019C555 /* MetricKitScreen.swift */; };
		459EC11029007BF90019C555 /* View+ConditionalModifier.swift in Sources */ = {isa = PBXBuildFile; fileRef = 459EC10F29007BF90019C555 /* View+ConditionalModifier.swift */; };
		459EC112290086640019C555 /* MetircKitViewModel.swift in Sources */ = {isa = PBXBuildFile; fileRef = 459EC111290086640019C555 /* MetircKitViewModel.swift */; };
		45ACAF5028F9F61B00C5467F /* CustomSideBarScreen.swift in Sources */ = {isa = PBXBuildFile; fileRef = 45ACAF4F28F9F61B00C5467F /* CustomSideBarScreen.swift */; };
		45ACAF5228F9F68600C5467F /* CustomSideBar.swift in Sources */ = {isa = PBXBuildFile; fileRef = 45ACAF5128F9F68600C5467F /* CustomSideBar.swift */; };
		45AD4F1A29CD23400008CC44 /* OverlayLoadingView.swift in Sources */ = {isa = PBXBuildFile; fileRef = 45AD4F1929CD23400008CC44 /* OverlayLoadingView.swift */; };
		45B2D05C29031202006A631E /* ExtUIGestureRecognizerDelegate.swift in Sources */ = {isa = PBXBuildFile; fileRef = 45B2D05B29031202006A631E /* ExtUIGestureRecognizerDelegate.swift */; };
		45BE891328A05F73008DF51F /* Why_Not_SwiftUIApp.swift in Sources */ = {isa = PBXBuildFile; fileRef = 45BE891228A05F73008DF51F /* Why_Not_SwiftUIApp.swift */; };
		45BE891728A05F76008DF51F /* Assets.xcassets in Resources */ = {isa = PBXBuildFile; fileRef = 45BE891628A05F76008DF51F /* Assets.xcassets */; };
		45BE891A28A05F76008DF51F /* Preview Assets.xcassets in Resources */ = {isa = PBXBuildFile; fileRef = 45BE891928A05F76008DF51F /* Preview Assets.xcassets */; };
		45BE892228A063A5008DF51F /* CombineMoya in Frameworks */ = {isa = PBXBuildFile; productRef = 45BE892128A063A5008DF51F /* CombineMoya */; };
		45BE892528A06D24008DF51F /* GoRestAPI.swift in Sources */ = {isa = PBXBuildFile; fileRef = 45BE892428A06D24008DF51F /* GoRestAPI.swift */; };
		45BE892728A06FF8008DF51F /* HomeViewModel.swift in Sources */ = {isa = PBXBuildFile; fileRef = 45BE892628A06FF8008DF51F /* HomeViewModel.swift */; };
		45BF412B2AAA2F4A00332BD7 /* Dictionary+.swift in Sources */ = {isa = PBXBuildFile; fileRef = 45BF412A2AAA2F4A00332BD7 /* Dictionary+.swift */; };
		45CD36AD29CBC34C00DB24BD /* MediaSelectViewModel.swift in Sources */ = {isa = PBXBuildFile; fileRef = 45CD36AC29CBC34C00DB24BD /* MediaSelectViewModel.swift */; };
		45CD36B029CBC54400DB24BD /* UIAttachment.swift in Sources */ = {isa = PBXBuildFile; fileRef = 45CD36AF29CBC54400DB24BD /* UIAttachment.swift */; };
		45CD36B229CBC60700DB24BD /* URL+.swift in Sources */ = {isa = PBXBuildFile; fileRef = 45CD36B129CBC60700DB24BD /* URL+.swift */; };
		45CD36B429CBD87E00DB24BD /* UIImage+.swift in Sources */ = {isa = PBXBuildFile; fileRef = 45CD36B329CBD87E00DB24BD /* UIImage+.swift */; };
		45F1C98F296F128C00386645 /* CoolToast.swift in Sources */ = {isa = PBXBuildFile; fileRef = 45F1C98E296F128C00386645 /* CoolToast.swift */; };
		45F1C991296F129900386645 /* CoolToastScreen.swift in Sources */ = {isa = PBXBuildFile; fileRef = 45F1C990296F129900386645 /* CoolToastScreen.swift */; };
		45F1C993296F13D000386645 /* Color+.swift in Sources */ = {isa = PBXBuildFile; fileRef = 45F1C992296F13D000386645 /* Color+.swift */; };
		45F1C99A297098C000386645 /* NativeAlert.swift in Sources */ = {isa = PBXBuildFile; fileRef = 45F1C999297098C000386645 /* NativeAlert.swift */; };
		45F1C99D2970991200386645 /* NativeAlertScreen.swift in Sources */ = {isa = PBXBuildFile; fileRef = 45F1C99C2970991200386645 /* NativeAlertScreen.swift */; };
		45F1C9A129709B9A00386645 /* CoolProgressView.swift in Sources */ = {isa = PBXBuildFile; fileRef = 45F1C9A029709B9A00386645 /* CoolProgressView.swift */; };
		45F1C9A329709BB200386645 /* CoolProgressScreen.swift in Sources */ = {isa = PBXBuildFile; fileRef = 45F1C9A229709BB200386645 /* CoolProgressScreen.swift */; };
		45F1C9A52970A18E00386645 /* View+.swift in Sources */ = {isa = PBXBuildFile; fileRef = 45F1C9A42970A18E00386645 /* View+.swift */; };
		45F1C9AF2970A49E00386645 /* SF-Pro-Rounded-Heavy.otf in Resources */ = {isa = PBXBuildFile; fileRef = 45F1C9A62970A49D00386645 /* SF-Pro-Rounded-Heavy.otf */; };
		45F1C9B02970A49E00386645 /* SF-Pro-Rounded-Bold.otf in Resources */ = {isa = PBXBuildFile; fileRef = 45F1C9A72970A49D00386645 /* SF-Pro-Rounded-Bold.otf */; };
		45F1C9B12970A49E00386645 /* SF-Pro-Rounded-Light.otf in Resources */ = {isa = PBXBuildFile; fileRef = 45F1C9A82970A49D00386645 /* SF-Pro-Rounded-Light.otf */; };
		45F1C9B22970A49E00386645 /* SF-Pro-Rounded-Regular.otf in Resources */ = {isa = PBXBuildFile; fileRef = 45F1C9A92970A49D00386645 /* SF-Pro-Rounded-Regular.otf */; };
		45F1C9B32970A49E00386645 /* SF-Pro-Rounded-Medium.otf in Resources */ = {isa = PBXBuildFile; fileRef = 45F1C9AA2970A49D00386645 /* SF-Pro-Rounded-Medium.otf */; };
		45F1C9B42970A49E00386645 /* SF-Pro-Rounded-Semibold.otf in Resources */ = {isa = PBXBuildFile; fileRef = 45F1C9AB2970A49D00386645 /* SF-Pro-Rounded-Semibold.otf */; };
		45F1C9B52970A49E00386645 /* SF-Pro-Rounded-Black.otf in Resources */ = {isa = PBXBuildFile; fileRef = 45F1C9AC2970A49D00386645 /* SF-Pro-Rounded-Black.otf */; };
		45F1C9B62970A49E00386645 /* SF-Pro-Rounded-Thin.otf in Resources */ = {isa = PBXBuildFile; fileRef = 45F1C9AD2970A49D00386645 /* SF-Pro-Rounded-Thin.otf */; };
		45F1C9B72970A49E00386645 /* SF-Pro-Rounded-Ultralight.otf in Resources */ = {isa = PBXBuildFile; fileRef = 45F1C9AE2970A49E00386645 /* SF-Pro-Rounded-Ultralight.otf */; };
		45F800C22B0FCD9000A6A7AB /* CoolLog.swift in Sources */ = {isa = PBXBuildFile; fileRef = 45F800C12B0FCD9000A6A7AB /* CoolLog.swift */; };
/* End PBXBuildFile section */

/* Begin PBXContainerItemProxy section */
		457E604129353FE5005595B7 /* PBXContainerItemProxy */ = {
			isa = PBXContainerItemProxy;
			containerPortal = 45BE890728A05F73008DF51F /* Project object */;
			proxyType = 1;
			remoteGlobalIDString = 457E603B29353FE5005595B7;
			remoteInfo = NotificationService;
		};
/* End PBXContainerItemProxy section */

/* Begin PBXCopyFilesBuildPhase section */
		457E604729353FE5005595B7 /* Embed Foundation Extensions */ = {
			isa = PBXCopyFilesBuildPhase;
			buildActionMask = 2147483647;
			dstPath = "";
			dstSubfolderSpec = 13;
			files = (
				457E604329353FE5005595B7 /* NotificationService.appex in Embed Foundation Extensions */,
			);
			name = "Embed Foundation Extensions";
			runOnlyForDeploymentPostprocessing = 0;
		};
/* End PBXCopyFilesBuildPhase section */

/* Begin PBXFileReference section */
		45045FBB2B0FBD2F002592AD /* AlwaysPopover.swift */ = {isa = PBXFileReference; lastKnownFileType = sourcecode.swift; path = AlwaysPopover.swift; sourceTree = "<group>"; };
		45045FBE2B0FBD68002592AD /* AlwaysPopoverScreen.swift */ = {isa = PBXFileReference; lastKnownFileType = sourcecode.swift; path = AlwaysPopoverScreen.swift; sourceTree = "<group>"; };
		45045FC42B0FC87B002592AD /* Destination+.swift */ = {isa = PBXFileReference; fileEncoding = 4; lastKnownFileType = sourcecode.swift; path = "Destination+.swift"; sourceTree = "<group>"; };
		45045FCB2B0FC88D002592AD /* DestinationMapper.swift */ = {isa = PBXFileReference; fileEncoding = 4; lastKnownFileType = sourcecode.swift; path = DestinationMapper.swift; sourceTree = "<group>"; };
		45045FCC2B0FC88D002592AD /* Destinations.swift */ = {isa = PBXFileReference; fileEncoding = 4; lastKnownFileType = sourcecode.swift; path = Destinations.swift; sourceTree = "<group>"; };
		45045FCD2B0FC88D002592AD /* NavigationDemo.swift */ = {isa = PBXFileReference; fileEncoding = 4; lastKnownFileType = sourcecode.swift; path = NavigationDemo.swift; sourceTree = "<group>"; };
		45045FCE2B0FC88D002592AD /* NavController.swift */ = {isa = PBXFileReference; fileEncoding = 4; lastKnownFileType = sourcecode.swift; path = NavController.swift; sourceTree = "<group>"; };
		45045FD32B0FC9B8002592AD /* MainContainerScreen.swift */ = {isa = PBXFileReference; lastKnownFileType = sourcecode.swift; path = MainContainerScreen.swift; sourceTree = "<group>"; };
		4506942F2AC7487A00A53D4A /* SwiftMacros */ = {isa = PBXFileReference; lastKnownFileType = wrapper; path = SwiftMacros; sourceTree = "<group>"; };
		450776D4290195AF00C05007 /* example_crash_report.json */ = {isa = PBXFileReference; lastKnownFileType = text.json; path = example_crash_report.json; sourceTree = "<group>"; };
		450ACB792AC49F3C0077912D /* AccessibilityPreferences.swift */ = {isa = PBXFileReference; lastKnownFileType = sourcecode.swift; path = AccessibilityPreferences.swift; sourceTree = "<group>"; };
		452E8F912ABE1AA9002E5A28 /* DynamicTypeScreen.swift */ = {isa = PBXFileReference; lastKnownFileType = sourcecode.swift; path = DynamicTypeScreen.swift; sourceTree = "<group>"; };
		45419E7C2B0232B4008B9501 /* ReorderListScreen.swift */ = {isa = PBXFileReference; lastKnownFileType = sourcecode.swift; path = ReorderListScreen.swift; sourceTree = "<group>"; };
		454539F12981310500E3D9D0 /* TextFieldValidationScreen.swift */ = {isa = PBXFileReference; lastKnownFileType = sourcecode.swift; path = TextFieldValidationScreen.swift; sourceTree = "<group>"; };
		454539F329813F7200E3D9D0 /* TextFieldValidationViewModel.swift */ = {isa = PBXFileReference; lastKnownFileType = sourcecode.swift; path = TextFieldValidationViewModel.swift; sourceTree = "<group>"; };
		454C46DA2AD8218C00E9F96B /* DateFormat1Screen.swift */ = {isa = PBXFileReference; lastKnownFileType = sourcecode.swift; path = DateFormat1Screen.swift; sourceTree = "<group>"; };
		454C46DC2AD86B2F00E9F96B /* DateFormat2Screen.swift */ = {isa = PBXFileReference; lastKnownFileType = sourcecode.swift; path = DateFormat2Screen.swift; sourceTree = "<group>"; };
		454C46DE2AD8723400E9F96B /* DateFormatScreen.swift */ = {isa = PBXFileReference; lastKnownFileType = sourcecode.swift; path = DateFormatScreen.swift; sourceTree = "<group>"; };
		454C46E02AD8735200E9F96B /* DateFormat3Screen.swift */ = {isa = PBXFileReference; lastKnownFileType = sourcecode.swift; path = DateFormat3Screen.swift; sourceTree = "<group>"; };
		454C46E32AD8743500E9F96B /* LocaleData.swift */ = {isa = PBXFileReference; lastKnownFileType = sourcecode.swift; path = LocaleData.swift; sourceTree = "<group>"; };
		454E82B12AC339F70014B6A3 /* GeneralAXModifiersScreen.swift */ = {isa = PBXFileReference; lastKnownFileType = sourcecode.swift; path = GeneralAXModifiersScreen.swift; sourceTree = "<group>"; };
		454E82B32AC33AE00014B6A3 /* AXRotorScreen.swift */ = {isa = PBXFileReference; lastKnownFileType = sourcecode.swift; path = AXRotorScreen.swift; sourceTree = "<group>"; };
		454E82B52AC33B970014B6A3 /* CustomAXActionsScreen.swift */ = {isa = PBXFileReference; lastKnownFileType = sourcecode.swift; path = CustomAXActionsScreen.swift; sourceTree = "<group>"; };
		45513A8D29911B4400BF0A0D /* README.md */ = {isa = PBXFileReference; lastKnownFileType = net.daringfireball.markdown; path = README.md; sourceTree = "<group>"; };
		45513A8F29911C1E00BF0A0D /* CustomTextFieldView.swift */ = {isa = PBXFileReference; lastKnownFileType = sourcecode.swift; path = CustomTextFieldView.swift; sourceTree = "<group>"; };
		45513A9129911EEA00BF0A0D /* String+.swift */ = {isa = PBXFileReference; lastKnownFileType = sourcecode.swift; path = "String+.swift"; sourceTree = "<group>"; };
		45513A932993D69800BF0A0D /* Array+.swift */ = {isa = PBXFileReference; lastKnownFileType = sourcecode.swift; path = "Array+.swift"; sourceTree = "<group>"; };
		45513A952993F3BD00BF0A0D /* UIElementPreview.swift */ = {isa = PBXFileReference; lastKnownFileType = sourcecode.swift; path = UIElementPreview.swift; sourceTree = "<group>"; };
		45513A982998F1D500BF0A0D /* TextPreviewScreen.swift */ = {isa = PBXFileReference; lastKnownFileType = sourcecode.swift; path = TextPreviewScreen.swift; sourceTree = "<group>"; };
		45513A9A299A179300BF0A0D /* RobotoSlab-VariableFont.ttf */ = {isa = PBXFileReference; lastKnownFileType = file; path = "RobotoSlab-VariableFont.ttf"; sourceTree = "<group>"; };
		4554D9C729B259F700063323 /* AccessibilityScreen.swift */ = {isa = PBXFileReference; lastKnownFileType = sourcecode.swift; path = AccessibilityScreen.swift; sourceTree = "<group>"; };
		4557C0F329C4B0A20030530B /* LabelToggle.swift */ = {isa = PBXFileReference; lastKnownFileType = sourcecode.swift; path = LabelToggle.swift; sourceTree = "<group>"; };
		4557C0F529C4B0AF0030530B /* LabelToggleScreen.swift */ = {isa = PBXFileReference; lastKnownFileType = sourcecode.swift; path = LabelToggleScreen.swift; sourceTree = "<group>"; };
		456174AB2935C6370078B997 /* NotificationUtils.swift */ = {isa = PBXFileReference; lastKnownFileType = sourcecode.swift; path = NotificationUtils.swift; sourceTree = "<group>"; };
		4568D1A128F8235700FFDC5E /* UIDevice+JailBroken.swift */ = {isa = PBXFileReference; fileEncoding = 4; lastKnownFileType = sourcecode.swift; path = "UIDevice+JailBroken.swift"; sourceTree = "<group>"; };
		4568D1A428F8950600FFDC5E /* BottomNavVsSideBarScreen.swift */ = {isa = PBXFileReference; lastKnownFileType = sourcecode.swift; path = BottomNavVsSideBarScreen.swift; sourceTree = "<group>"; };
		4568D1A728F8951A00FFDC5E /* SplashScreen.swift */ = {isa = PBXFileReference; lastKnownFileType = sourcecode.swift; path = SplashScreen.swift; sourceTree = "<group>"; };
		4568D1AB28F8975D00FFDC5E /* MainScreen.swift */ = {isa = PBXFileReference; lastKnownFileType = sourcecode.swift; path = MainScreen.swift; sourceTree = "<group>"; };
		4568D1AD28F898E700FFDC5E /* BottomNavIOSScreen.swift */ = {isa = PBXFileReference; lastKnownFileType = sourcecode.swift; path = BottomNavIOSScreen.swift; sourceTree = "<group>"; };
		4568D1AF28F8990D00FFDC5E /* SideBarIPadScreen.swift */ = {isa = PBXFileReference; lastKnownFileType = sourcecode.swift; path = SideBarIPadScreen.swift; sourceTree = "<group>"; };
		4568D1B128F8992C00FFDC5E /* ColorScreen.swift */ = {isa = PBXFileReference; lastKnownFileType = sourcecode.swift; path = ColorScreen.swift; sourceTree = "<group>"; };
		4571D621293729B700573547 /* en */ = {isa = PBXFileReference; lastKnownFileType = text.plist.strings; name = en; path = en.lproj/Localizable.strings; sourceTree = "<group>"; };
		4571D623293729C400573547 /* bn */ = {isa = PBXFileReference; lastKnownFileType = text.plist.strings; name = bn; path = bn.lproj/Localizable.strings; sourceTree = "<group>"; };
		45726D1128F44E66003DF76A /* #003 required keyword.swift */ = {isa = PBXFileReference; lastKnownFileType = sourcecode.swift; path = "#003 required keyword.swift"; sourceTree = "<group>"; };
		45799F2D28F0041F00F53467 /* #002 some vs any keyword.swift */ = {isa = PBXFileReference; lastKnownFileType = sourcecode.swift; path = "#002 some vs any keyword.swift"; sourceTree = "<group>"; };
		457B0AD928FB70340019ED01 /* MenuModels.swift */ = {isa = PBXFileReference; lastKnownFileType = sourcecode.swift; path = MenuModels.swift; sourceTree = "<group>"; };
		457B0ADB28FB70730019ED01 /* MenuRow.swift */ = {isa = PBXFileReference; lastKnownFileType = sourcecode.swift; path = MenuRow.swift; sourceTree = "<group>"; };
		457B0ADD28FB73DB0019ED01 /* ExtUIApplicatin.swift */ = {isa = PBXFileReference; fileEncoding = 4; lastKnownFileType = sourcecode.swift; path = ExtUIApplicatin.swift; sourceTree = "<group>"; };
		457E603529353453005595B7 /* example_payload.apns */ = {isa = PBXFileReference; lastKnownFileType = text; path = example_payload.apns; sourceTree = "<group>"; };
		457E6036293536FD005595B7 /* AppDelegate.swift */ = {isa = PBXFileReference; lastKnownFileType = sourcecode.swift; path = AppDelegate.swift; sourceTree = "<group>"; };
		457E603C29353FE5005595B7 /* NotificationService.appex */ = {isa = PBXFileReference; explicitFileType = "wrapper.app-extension"; includeInIndex = 0; path = NotificationService.appex; sourceTree = BUILT_PRODUCTS_DIR; };
		457E603E29353FE5005595B7 /* NotificationService.swift */ = {isa = PBXFileReference; lastKnownFileType = sourcecode.swift; path = NotificationService.swift; sourceTree = "<group>"; };
		457E604029353FE5005595B7 /* Info.plist */ = {isa = PBXFileReference; lastKnownFileType = text.plist.xml; path = Info.plist; sourceTree = "<group>"; };
		457E604929354156005595B7 /* NetworkError.swift */ = {isa = PBXFileReference; fileEncoding = 4; lastKnownFileType = sourcecode.swift; path = NetworkError.swift; sourceTree = "<group>"; };
		457E604A29354156005595B7 /* ImageDownloader.swift */ = {isa = PBXFileReference; fileEncoding = 4; lastKnownFileType = sourcecode.swift; path = ImageDownloader.swift; sourceTree = "<group>"; };
		4582CAE02959FAC7004980E5 /* #004 string to hex to string converter.swift */ = {isa = PBXFileReference; lastKnownFileType = sourcecode.swift; path = "#004 string to hex to string converter.swift"; sourceTree = "<group>"; };
		458E623B28EC6D75005A4E54 /* HomeScreen.swift */ = {isa = PBXFileReference; lastKnownFileType = sourcecode.swift; path = HomeScreen.swift; sourceTree = "<group>"; };
		458E623D28EC706B005A4E54 /* Screen.swift */ = {isa = PBXFileReference; lastKnownFileType = sourcecode.swift; path = Screen.swift; sourceTree = "<group>"; };
		459837D128EB361D00AB5433 /* #001 KeyPath class.swift */ = {isa = PBXFileReference; lastKnownFileType = sourcecode.swift; path = "#001 KeyPath class.swift"; sourceTree = "<group>"; };
		459837D528EB4B7100AB5433 /* Fruit.swift */ = {isa = PBXFileReference; lastKnownFileType = sourcecode.swift; path = Fruit.swift; sourceTree = "<group>"; };
		459837D828EB5C1400AB5433 /* MediaSelectScreen.swift */ = {isa = PBXFileReference; lastKnownFileType = sourcecode.swift; path = MediaSelectScreen.swift; sourceTree = "<group>"; };
		459837DA28EB5C3D00AB5433 /* ImageVideoCapturer.swift */ = {isa = PBXFileReference; lastKnownFileType = sourcecode.swift; path = ImageVideoCapturer.swift; sourceTree = "<group>"; };
		459837DC28EB614700AB5433 /* Why-Not-SwiftUI-Info.plist */ = {isa = PBXFileReference; lastKnownFileType = text.plist; path = "Why-Not-SwiftUI-Info.plist"; sourceTree = SOURCE_ROOT; };
		459CA62628E702D400FC6F42 /* FitnessRingCardScreen.swift */ = {isa = PBXFileReference; lastKnownFileType = sourcecode.swift; path = FitnessRingCardScreen.swift; sourceTree = "<group>"; };
		459CA62A28E70E2B00FC6F42 /* Typography.swift */ = {isa = PBXFileReference; lastKnownFileType = sourcecode.swift; path = Typography.swift; sourceTree = "<group>"; };
		459CA62F28E70F2700FC6F42 /* OverviewRingCardScreen.swift */ = {isa = PBXFileReference; lastKnownFileType = sourcecode.swift; path = OverviewRingCardScreen.swift; sourceTree = "<group>"; };
		459CA63228E70F5600FC6F42 /* RingChart.swift */ = {isa = PBXFileReference; lastKnownFileType = sourcecode.swift; path = RingChart.swift; sourceTree = "<group>"; };
		459CA63928E76EAA00FC6F42 /* RingChartRing.swift */ = {isa = PBXFileReference; lastKnownFileType = sourcecode.swift; path = RingChartRing.swift; sourceTree = "<group>"; };
		459EC1092900561D0019C555 /* TrackingService.swift */ = {isa = PBXFileReference; lastKnownFileType = sourcecode.swift; path = TrackingService.swift; sourceTree = "<group>"; };
		459EC10B290059620019C555 /* Color.swift */ = {isa = PBXFileReference; fileEncoding = 4; lastKnownFileType = sourcecode.swift; path = Color.swift; sourceTree = "<group>"; };
		459EC10D290067B00019C555 /* MetricKitScreen.swift */ = {isa = PBXFileReference; lastKnownFileType = sourcecode.swift; path = MetricKitScreen.swift; sourceTree = "<group>"; };
		459EC10F29007BF90019C555 /* View+ConditionalModifier.swift */ = {isa = PBXFileReference; lastKnownFileType = sourcecode.swift; path = "View+ConditionalModifier.swift"; sourceTree = "<group>"; };
		459EC111290086640019C555 /* MetircKitViewModel.swift */ = {isa = PBXFileReference; lastKnownFileType = sourcecode.swift; path = MetircKitViewModel.swift; sourceTree = "<group>"; };
		45ACAF4F28F9F61B00C5467F /* CustomSideBarScreen.swift */ = {isa = PBXFileReference; lastKnownFileType = sourcecode.swift; path = CustomSideBarScreen.swift; sourceTree = "<group>"; };
		45ACAF5128F9F68600C5467F /* CustomSideBar.swift */ = {isa = PBXFileReference; lastKnownFileType = sourcecode.swift; path = CustomSideBar.swift; sourceTree = "<group>"; };
		45AD4F1929CD23400008CC44 /* OverlayLoadingView.swift */ = {isa = PBXFileReference; lastKnownFileType = sourcecode.swift; path = OverlayLoadingView.swift; sourceTree = "<group>"; };
		45B2D05B29031202006A631E /* ExtUIGestureRecognizerDelegate.swift */ = {isa = PBXFileReference; fileEncoding = 4; lastKnownFileType = sourcecode.swift; path = ExtUIGestureRecognizerDelegate.swift; sourceTree = "<group>"; };
		45BE890F28A05F73008DF51F /* Why Not SwiftUI!.app */ = {isa = PBXFileReference; explicitFileType = wrapper.application; includeInIndex = 0; path = "Why Not SwiftUI!.app"; sourceTree = BUILT_PRODUCTS_DIR; };
		45BE891228A05F73008DF51F /* Why_Not_SwiftUIApp.swift */ = {isa = PBXFileReference; lastKnownFileType = sourcecode.swift; path = Why_Not_SwiftUIApp.swift; sourceTree = "<group>"; };
		45BE891628A05F76008DF51F /* Assets.xcassets */ = {isa = PBXFileReference; lastKnownFileType = folder.assetcatalog; path = Assets.xcassets; sourceTree = "<group>"; };
		45BE891928A05F76008DF51F /* Preview Assets.xcassets */ = {isa = PBXFileReference; lastKnownFileType = folder.assetcatalog; path = "Preview Assets.xcassets"; sourceTree = "<group>"; };
		45BE892428A06D24008DF51F /* GoRestAPI.swift */ = {isa = PBXFileReference; lastKnownFileType = sourcecode.swift; path = GoRestAPI.swift; sourceTree = "<group>"; };
		45BE892628A06FF8008DF51F /* HomeViewModel.swift */ = {isa = PBXFileReference; lastKnownFileType = sourcecode.swift; path = HomeViewModel.swift; sourceTree = "<group>"; };
		45BF412A2AAA2F4A00332BD7 /* Dictionary+.swift */ = {isa = PBXFileReference; lastKnownFileType = sourcecode.swift; path = "Dictionary+.swift"; sourceTree = "<group>"; };
		45CD36AC29CBC34C00DB24BD /* MediaSelectViewModel.swift */ = {isa = PBXFileReference; lastKnownFileType = sourcecode.swift; path = MediaSelectViewModel.swift; sourceTree = "<group>"; };
		45CD36AF29CBC54400DB24BD /* UIAttachment.swift */ = {isa = PBXFileReference; lastKnownFileType = sourcecode.swift; path = UIAttachment.swift; sourceTree = "<group>"; };
		45CD36B129CBC60700DB24BD /* URL+.swift */ = {isa = PBXFileReference; lastKnownFileType = sourcecode.swift; path = "URL+.swift"; sourceTree = "<group>"; };
		45CD36B329CBD87E00DB24BD /* UIImage+.swift */ = {isa = PBXFileReference; lastKnownFileType = sourcecode.swift; path = "UIImage+.swift"; sourceTree = "<group>"; };
		45F1C98E296F128C00386645 /* CoolToast.swift */ = {isa = PBXFileReference; fileEncoding = 4; lastKnownFileType = sourcecode.swift; path = CoolToast.swift; sourceTree = "<group>"; };
		45F1C990296F129900386645 /* CoolToastScreen.swift */ = {isa = PBXFileReference; lastKnownFileType = sourcecode.swift; path = CoolToastScreen.swift; sourceTree = "<group>"; };
		45F1C992296F13D000386645 /* Color+.swift */ = {isa = PBXFileReference; fileEncoding = 4; lastKnownFileType = sourcecode.swift; path = "Color+.swift"; sourceTree = "<group>"; };
		45F1C999297098C000386645 /* NativeAlert.swift */ = {isa = PBXFileReference; fileEncoding = 4; lastKnownFileType = sourcecode.swift; path = NativeAlert.swift; sourceTree = "<group>"; };
		45F1C99C2970991200386645 /* NativeAlertScreen.swift */ = {isa = PBXFileReference; lastKnownFileType = sourcecode.swift; path = NativeAlertScreen.swift; sourceTree = "<group>"; };
		45F1C9A029709B9A00386645 /* CoolProgressView.swift */ = {isa = PBXFileReference; fileEncoding = 4; lastKnownFileType = sourcecode.swift; path = CoolProgressView.swift; sourceTree = "<group>"; };
		45F1C9A229709BB200386645 /* CoolProgressScreen.swift */ = {isa = PBXFileReference; lastKnownFileType = sourcecode.swift; path = CoolProgressScreen.swift; sourceTree = "<group>"; };
		45F1C9A42970A18E00386645 /* View+.swift */ = {isa = PBXFileReference; lastKnownFileType = sourcecode.swift; path = "View+.swift"; sourceTree = "<group>"; };
		45F1C9A62970A49D00386645 /* SF-Pro-Rounded-Heavy.otf */ = {isa = PBXFileReference; lastKnownFileType = file; path = "SF-Pro-Rounded-Heavy.otf"; sourceTree = "<group>"; };
		45F1C9A72970A49D00386645 /* SF-Pro-Rounded-Bold.otf */ = {isa = PBXFileReference; lastKnownFileType = file; path = "SF-Pro-Rounded-Bold.otf"; sourceTree = "<group>"; };
		45F1C9A82970A49D00386645 /* SF-Pro-Rounded-Light.otf */ = {isa = PBXFileReference; lastKnownFileType = file; path = "SF-Pro-Rounded-Light.otf"; sourceTree = "<group>"; };
		45F1C9A92970A49D00386645 /* SF-Pro-Rounded-Regular.otf */ = {isa = PBXFileReference; lastKnownFileType = file; path = "SF-Pro-Rounded-Regular.otf"; sourceTree = "<group>"; };
		45F1C9AA2970A49D00386645 /* SF-Pro-Rounded-Medium.otf */ = {isa = PBXFileReference; lastKnownFileType = file; path = "SF-Pro-Rounded-Medium.otf"; sourceTree = "<group>"; };
		45F1C9AB2970A49D00386645 /* SF-Pro-Rounded-Semibold.otf */ = {isa = PBXFileReference; lastKnownFileType = file; path = "SF-Pro-Rounded-Semibold.otf"; sourceTree = "<group>"; };
		45F1C9AC2970A49D00386645 /* SF-Pro-Rounded-Black.otf */ = {isa = PBXFileReference; lastKnownFileType = file; path = "SF-Pro-Rounded-Black.otf"; sourceTree = "<group>"; };
		45F1C9AD2970A49D00386645 /* SF-Pro-Rounded-Thin.otf */ = {isa = PBXFileReference; lastKnownFileType = file; path = "SF-Pro-Rounded-Thin.otf"; sourceTree = "<group>"; };
		45F1C9AE2970A49E00386645 /* SF-Pro-Rounded-Ultralight.otf */ = {isa = PBXFileReference; lastKnownFileType = file; path = "SF-Pro-Rounded-Ultralight.otf"; sourceTree = "<group>"; };
		45F800C12B0FCD9000A6A7AB /* CoolLog.swift */ = {isa = PBXFileReference; lastKnownFileType = sourcecode.swift; path = CoolLog.swift; sourceTree = "<group>"; };
/* End PBXFileReference section */

/* Begin PBXFrameworksBuildPhase section */
		457E603929353FE5005595B7 /* Frameworks */ = {
			isa = PBXFrameworksBuildPhase;
			buildActionMask = 2147483647;
			files = (
			);
			runOnlyForDeploymentPostprocessing = 0;
		};
		45BE890C28A05F73008DF51F /* Frameworks */ = {
			isa = PBXFrameworksBuildPhase;
			buildActionMask = 2147483647;
			files = (
				45BE892228A063A5008DF51F /* CombineMoya in Frameworks */,
				4592F21E2AF9470200317B77 /* SwiftUIIntrospect in Frameworks */,
			);
			runOnlyForDeploymentPostprocessing = 0;
		};
/* End PBXFrameworksBuildPhase section */

/* Begin PBXGroup section */
		45045FBA2B0FBD19002592AD /* AlwaysPopover */ = {
			isa = PBXGroup;
			children = (
				45045FBB2B0FBD2F002592AD /* AlwaysPopover.swift */,
			);
			path = AlwaysPopover;
			sourceTree = "<group>";
		};
		45045FBD2B0FBD59002592AD /* AlwaysPopover */ = {
			isa = PBXGroup;
			children = (
				45045FBE2B0FBD68002592AD /* AlwaysPopoverScreen.swift */,
			);
			path = AlwaysPopover;
			sourceTree = "<group>";
		};
		45045FC02B0FC87B002592AD /* Extensions */ = {
			isa = PBXGroup;
			children = (
				45045FC42B0FC87B002592AD /* Destination+.swift */,
			);
			path = Extensions;
			sourceTree = "<group>";
		};
		4506942C2AC7481A00A53D4A /* packages */ = {
			isa = PBXGroup;
			children = (
				4506942F2AC7487A00A53D4A /* SwiftMacros */,
			);
			path = packages;
			sourceTree = "<group>";
		};
		45419E7B2B023290008B9501 /* ReorderList */ = {
			isa = PBXGroup;
			children = (
				45419E7C2B0232B4008B9501 /* ReorderListScreen.swift */,
			);
			path = ReorderList;
			sourceTree = "<group>";
		};
		454539F0298130EE00E3D9D0 /* TextFieldValidation */ = {
			isa = PBXGroup;
			children = (
				454539F12981310500E3D9D0 /* TextFieldValidationScreen.swift */,
				454539F329813F7200E3D9D0 /* TextFieldValidationViewModel.swift */,
			);
			path = TextFieldValidation;
			sourceTree = "<group>";
		};
		454C46D92AD8216500E9F96B /* DateFormat */ = {
			isa = PBXGroup;
			children = (
				454C46E22AD8742800E9F96B /* Models */,
				454C46DA2AD8218C00E9F96B /* DateFormat1Screen.swift */,
				454C46DC2AD86B2F00E9F96B /* DateFormat2Screen.swift */,
				454C46DE2AD8723400E9F96B /* DateFormatScreen.swift */,
				454C46E02AD8735200E9F96B /* DateFormat3Screen.swift */,
			);
			path = DateFormat;
			sourceTree = "<group>";
		};
		454C46E22AD8742800E9F96B /* Models */ = {
			isa = PBXGroup;
			children = (
				454C46E32AD8743500E9F96B /* LocaleData.swift */,
			);
			path = Models;
			sourceTree = "<group>";
		};
		45513A8E29911BFE00BF0A0D /* CustomTextField */ = {
			isa = PBXGroup;
			children = (
				45513A8F29911C1E00BF0A0D /* CustomTextFieldView.swift */,
			);
			path = CustomTextField;
			sourceTree = "<group>";
		};
		45513A972998F1BD00BF0A0D /* TextPreview */ = {
			isa = PBXGroup;
			children = (
				45513A982998F1D500BF0A0D /* TextPreviewScreen.swift */,
			);
			path = TextPreview;
			sourceTree = "<group>";
		};
		455329082AEC0F7A00004BEA /* Navigation */ = {
			isa = PBXGroup;
			children = (
				45045FC02B0FC87B002592AD /* Extensions */,
				45045FCB2B0FC88D002592AD /* DestinationMapper.swift */,
				45045FCC2B0FC88D002592AD /* Destinations.swift */,
				45045FCE2B0FC88D002592AD /* NavController.swift */,
				45045FCD2B0FC88D002592AD /* NavigationDemo.swift */,
			);
			path = Navigation;
			sourceTree = "<group>";
		};
		4554D9C629B256ED00063323 /* Accessibility */ = {
			isa = PBXGroup;
			children = (
				452E8F912ABE1AA9002E5A28 /* DynamicTypeScreen.swift */,
				4554D9C729B259F700063323 /* AccessibilityScreen.swift */,
				454E82B12AC339F70014B6A3 /* GeneralAXModifiersScreen.swift */,
				454E82B32AC33AE00014B6A3 /* AXRotorScreen.swift */,
				454E82B52AC33B970014B6A3 /* CustomAXActionsScreen.swift */,
				450ACB792AC49F3C0077912D /* AccessibilityPreferences.swift */,
			);
			path = Accessibility;
			sourceTree = "<group>";
		};
		4557C0F029C4B05D0030530B /* LabelToggle */ = {
			isa = PBXGroup;
			children = (
				4557C0F529C4B0AF0030530B /* LabelToggleScreen.swift */,
			);
			path = LabelToggle;
			sourceTree = "<group>";
		};
		4557C0F229C4B0900030530B /* LabelToggle */ = {
			isa = PBXGroup;
			children = (
				4557C0F329C4B0A20030530B /* LabelToggle.swift */,
			);
			path = LabelToggle;
			sourceTree = "<group>";
		};
		4568D1A028F8233D00FFDC5E /* Extensions */ = {
			isa = PBXGroup;
			children = (
				457B0ADD28FB73DB0019ED01 /* ExtUIApplicatin.swift */,
				459EC10B290059620019C555 /* Color.swift */,
				4568D1A128F8235700FFDC5E /* UIDevice+JailBroken.swift */,
				459EC10F29007BF90019C555 /* View+ConditionalModifier.swift */,
				45B2D05B29031202006A631E /* ExtUIGestureRecognizerDelegate.swift */,
				45513A9129911EEA00BF0A0D /* String+.swift */,
				45513A932993D69800BF0A0D /* Array+.swift */,
				45CD36B129CBC60700DB24BD /* URL+.swift */,
				45CD36B329CBD87E00DB24BD /* UIImage+.swift */,
				45BF412A2AAA2F4A00332BD7 /* Dictionary+.swift */,
			);
			path = Extensions;
			sourceTree = "<group>";
		};
		4568D1A328F894CC00FFDC5E /* BottomNavVsSideBar */ = {
			isa = PBXGroup;
			children = (
				4568D1A428F8950600FFDC5E /* BottomNavVsSideBarScreen.swift */,
				4568D1AD28F898E700FFDC5E /* BottomNavIOSScreen.swift */,
				4568D1AF28F8990D00FFDC5E /* SideBarIPadScreen.swift */,
				4568D1B128F8992C00FFDC5E /* ColorScreen.swift */,
			);
			path = BottomNavVsSideBar;
			sourceTree = "<group>";
		};
		4568D1A628F8950D00FFDC5E /* Splash */ = {
			isa = PBXGroup;
			children = (
				4568D1A728F8951A00FFDC5E /* SplashScreen.swift */,
			);
			path = Splash;
			sourceTree = "<group>";
		};
		4568D1AA28F8972700FFDC5E /* Main */ = {
			isa = PBXGroup;
			children = (
				4568D1AB28F8975D00FFDC5E /* MainScreen.swift */,
				45045FD32B0FC9B8002592AD /* MainContainerScreen.swift */,
			);
			path = Main;
			sourceTree = "<group>";
		};
		45799F2F28F01AD900F53467 /* CodeExample */ = {
			isa = PBXGroup;
			children = (
				459837D128EB361D00AB5433 /* #001 KeyPath class.swift */,
				45799F2D28F0041F00F53467 /* #002 some vs any keyword.swift */,
				45726D1128F44E66003DF76A /* #003 required keyword.swift */,
				4582CAE02959FAC7004980E5 /* #004 string to hex to string converter.swift */,
			);
			path = CodeExample;
			sourceTree = "<group>";
		};
		457E6033293533F8005595B7 /* Mock */ = {
			isa = PBXGroup;
			children = (
				457E6034293533FF005595B7 /* PushNotification */,
			);
			path = Mock;
			sourceTree = "<group>";
		};
		457E6034293533FF005595B7 /* PushNotification */ = {
			isa = PBXGroup;
			children = (
				457E603529353453005595B7 /* example_payload.apns */,
			);
			path = PushNotification;
			sourceTree = "<group>";
		};
		457E603D29353FE5005595B7 /* NotificationService */ = {
			isa = PBXGroup;
			children = (
				457E603E29353FE5005595B7 /* NotificationService.swift */,
				457E604029353FE5005595B7 /* Info.plist */,
			);
			path = NotificationService;
			sourceTree = "<group>";
		};
		457E604829354139005595B7 /* ImageDownloader */ = {
			isa = PBXGroup;
			children = (
				457E604A29354156005595B7 /* ImageDownloader.swift */,
				457E604929354156005595B7 /* NetworkError.swift */,
			);
			path = ImageDownloader;
			sourceTree = "<group>";
		};
		458E623A28EC6CD8005A4E54 /* Home */ = {
			isa = PBXGroup;
			children = (
				458E623B28EC6D75005A4E54 /* HomeScreen.swift */,
				45BE892628A06FF8008DF51F /* HomeViewModel.swift */,
			);
			path = Home;
			sourceTree = "<group>";
		};
		459837D328EB45A800AB5433 /* ImageVideoSelection */ = {
			isa = PBXGroup;
			children = (
				45CD36AE29CBC53700DB24BD /* Models */,
				459837D828EB5C1400AB5433 /* MediaSelectScreen.swift */,
				45CD36AC29CBC34C00DB24BD /* MediaSelectViewModel.swift */,
			);
			path = ImageVideoSelection;
			sourceTree = "<group>";
		};
		459837D428EB4B5F00AB5433 /* Model */ = {
			isa = PBXGroup;
			children = (
				459837D528EB4B7100AB5433 /* Fruit.swift */,
				458E623D28EC706B005A4E54 /* Screen.swift */,
			);
			path = Model;
			sourceTree = "<group>";
		};
		459CA62228E6FA7B00FC6F42 /* Chart */ = {
			isa = PBXGroup;
			children = (
				459CA62628E702D400FC6F42 /* FitnessRingCardScreen.swift */,
				459CA62F28E70F2700FC6F42 /* OverviewRingCardScreen.swift */,
			);
			path = Chart;
			sourceTree = "<group>";
		};
		459CA62828E703EC00FC6F42 /* UIs */ = {
			isa = PBXGroup;
			children = (
				45045FBD2B0FBD59002592AD /* AlwaysPopover */,
				45419E7B2B023290008B9501 /* ReorderList */,
				454C46D92AD8216500E9F96B /* DateFormat */,
				4554D9C629B256ED00063323 /* Accessibility */,
				4568D1A328F894CC00FFDC5E /* BottomNavVsSideBar */,
				459CA62228E6FA7B00FC6F42 /* Chart */,
				45F1C99E29709B7600386645 /* CoolProgressView */,
				45F1C98C296F123400386645 /* CoolToast */,
				45ACAF4E28F9F60000C5467F /* CustomSideBar */,
				458E623A28EC6CD8005A4E54 /* Home */,
				459837D328EB45A800AB5433 /* ImageVideoSelection */,
				4557C0F029C4B05D0030530B /* LabelToggle */,
				4568D1AA28F8972700FFDC5E /* Main */,
				459EC107290055FE0019C555 /* MetricKit */,
				45F1C998297098A700386645 /* NativeAlert */,
				45AD4F1829CD23300008CC44 /* Shared */,
				4568D1A628F8950D00FFDC5E /* Splash */,
				454539F0298130EE00E3D9D0 /* TextFieldValidation */,
				45513A972998F1BD00BF0A0D /* TextPreview */,
			);
			path = UIs;
			sourceTree = "<group>";
		};
		459CA62928E7040700FC6F42 /* Utils */ = {
			isa = PBXGroup;
			children = (
				457E604829354139005595B7 /* ImageDownloader */,
				4568D1A028F8233D00FFDC5E /* Extensions */,
				459CA62A28E70E2B00FC6F42 /* Typography.swift */,
				456174AB2935C6370078B997 /* NotificationUtils.swift */,
				45F1C992296F13D000386645 /* Color+.swift */,
				45F1C9A42970A18E00386645 /* View+.swift */,
				45513A952993F3BD00BF0A0D /* UIElementPreview.swift */,
			);
			path = Utils;
			sourceTree = "<group>";
		};
		459CA62C28E70E4500FC6F42 /* Resources */ = {
			isa = PBXGroup;
			children = (
				459CA62E28E70E5600FC6F42 /* Catalogs */,
				459CA62D28E70E4C00FC6F42 /* Fonts */,
			);
			path = Resources;
			sourceTree = "<group>";
		};
		459CA62D28E70E4C00FC6F42 /* Fonts */ = {
			isa = PBXGroup;
			children = (
				45F1C9AC2970A49D00386645 /* SF-Pro-Rounded-Black.otf */,
				45F1C9A72970A49D00386645 /* SF-Pro-Rounded-Bold.otf */,
				45F1C9A62970A49D00386645 /* SF-Pro-Rounded-Heavy.otf */,
				45F1C9A82970A49D00386645 /* SF-Pro-Rounded-Light.otf */,
				45F1C9AA2970A49D00386645 /* SF-Pro-Rounded-Medium.otf */,
				45F1C9A92970A49D00386645 /* SF-Pro-Rounded-Regular.otf */,
				45F1C9AB2970A49D00386645 /* SF-Pro-Rounded-Semibold.otf */,
				45F1C9AD2970A49D00386645 /* SF-Pro-Rounded-Thin.otf */,
				45F1C9AE2970A49E00386645 /* SF-Pro-Rounded-Ultralight.otf */,
				45513A9A299A179300BF0A0D /* RobotoSlab-VariableFont.ttf */,
			);
			path = Fonts;
			sourceTree = "<group>";
		};
		459CA62E28E70E5600FC6F42 /* Catalogs */ = {
			isa = PBXGroup;
			children = (
				45BE891628A05F76008DF51F /* Assets.xcassets */,
			);
			path = Catalogs;
			sourceTree = "<group>";
		};
		459CA63728E76E6A00FC6F42 /* RingChart */ = {
			isa = PBXGroup;
			children = (
				459CA63228E70F5600FC6F42 /* RingChart.swift */,
				459CA63928E76EAA00FC6F42 /* RingChartRing.swift */,
			);
			path = RingChart;
			sourceTree = "<group>";
		};
		459EC107290055FE0019C555 /* MetricKit */ = {
			isa = PBXGroup;
			children = (
				459EC1092900561D0019C555 /* TrackingService.swift */,
				459EC10D290067B00019C555 /* MetricKitScreen.swift */,
				459EC111290086640019C555 /* MetircKitViewModel.swift */,
				450776D4290195AF00C05007 /* example_crash_report.json */,
			);
			path = MetricKit;
			sourceTree = "<group>";
		};
		45ACAF4E28F9F60000C5467F /* CustomSideBar */ = {
			isa = PBXGroup;
			children = (
				45ACAF4F28F9F61B00C5467F /* CustomSideBarScreen.swift */,
				45ACAF5128F9F68600C5467F /* CustomSideBar.swift */,
				457B0AD928FB70340019ED01 /* MenuModels.swift */,
				457B0ADB28FB70730019ED01 /* MenuRow.swift */,
			);
			path = CustomSideBar;
			sourceTree = "<group>";
		};
		45AD4F1829CD23300008CC44 /* Shared */ = {
			isa = PBXGroup;
			children = (
				45AD4F1929CD23400008CC44 /* OverlayLoadingView.swift */,
			);
			path = Shared;
			sourceTree = "<group>";
		};
		45BE890628A05F73008DF51F = {
			isa = PBXGroup;
			children = (
				4506942C2AC7481A00A53D4A /* packages */,
				4571D622293729B700573547 /* Localizable.strings */,
				45BE891128A05F73008DF51F /* Why Not SwiftUI */,
				457E603D29353FE5005595B7 /* NotificationService */,
				45513A8D29911B4400BF0A0D /* README.md */,
				45BE891028A05F73008DF51F /* Products */,
				CA2AEDAA10423E4581732359 /* xcschemes */,
			);
			sourceTree = "<group>";
		};
		45BE891028A05F73008DF51F /* Products */ = {
			isa = PBXGroup;
			children = (
				45BE890F28A05F73008DF51F /* Why Not SwiftUI!.app */,
				457E603C29353FE5005595B7 /* NotificationService.appex */,
			);
			name = Products;
			sourceTree = "<group>";
		};
		45BE891128A05F73008DF51F /* Why Not SwiftUI */ = {
			isa = PBXGroup;
			children = (
				455329082AEC0F7A00004BEA /* Navigation */,
				457E6033293533F8005595B7 /* Mock */,
				45799F2F28F01AD900F53467 /* CodeExample */,
				459837D428EB4B5F00AB5433 /* Model */,
				459CA62C28E70E4500FC6F42 /* Resources */,
				459CA62928E7040700FC6F42 /* Utils */,
				45CD36A829CBA48B00DB24BD /* Components */,
				459CA62828E703EC00FC6F42 /* UIs */,
				45BE892328A06CEC008DF51F /* Network */,
				45BE891228A05F73008DF51F /* Why_Not_SwiftUIApp.swift */,
				457E6036293536FD005595B7 /* AppDelegate.swift */,
				459837DC28EB614700AB5433 /* Why-Not-SwiftUI-Info.plist */,
				45BE891828A05F76008DF51F /* Preview Content */,
			);
			path = "Why Not SwiftUI";
			sourceTree = "<group>";
		};
		45BE891828A05F76008DF51F /* Preview Content */ = {
			isa = PBXGroup;
			children = (
				45BE891928A05F76008DF51F /* Preview Assets.xcassets */,
			);
			path = "Preview Content";
			sourceTree = "<group>";
		};
		45BE892328A06CEC008DF51F /* Network */ = {
			isa = PBXGroup;
			children = (
				45BE892428A06D24008DF51F /* GoRestAPI.swift */,
			);
			path = Network;
			sourceTree = "<group>";
		};
		45CD36A829CBA48B00DB24BD /* Components */ = {
			isa = PBXGroup;
			children = (
				45F800C02B0FCD7D00A6A7AB /* CoolLog */,
				45045FBA2B0FBD19002592AD /* AlwaysPopover */,
				45F1C99F29709B8500386645 /* CoolProgress */,
				45F1C98D296F126900386645 /* CoolToast */,
				45513A8E29911BFE00BF0A0D /* CustomTextField */,
				45CD36A929CBC23100DB24BD /* ImageVideoCapturer */,
				4557C0F229C4B0900030530B /* LabelToggle */,
				45F1C99B297098E700386645 /* NativeAlert */,
				459CA63728E76E6A00FC6F42 /* RingChart */,
			);
			path = Components;
			sourceTree = "<group>";
		};
		45CD36A929CBC23100DB24BD /* ImageVideoCapturer */ = {
			isa = PBXGroup;
			children = (
				459837DA28EB5C3D00AB5433 /* ImageVideoCapturer.swift */,
			);
			path = ImageVideoCapturer;
			sourceTree = "<group>";
		};
		45CD36AE29CBC53700DB24BD /* Models */ = {
			isa = PBXGroup;
			children = (
				45CD36AF29CBC54400DB24BD /* UIAttachment.swift */,
			);
			path = Models;
			sourceTree = "<group>";
		};
		45F1C98C296F123400386645 /* CoolToast */ = {
			isa = PBXGroup;
			children = (
				45F1C990296F129900386645 /* CoolToastScreen.swift */,
			);
			path = CoolToast;
			sourceTree = "<group>";
		};
		45F1C98D296F126900386645 /* CoolToast */ = {
			isa = PBXGroup;
			children = (
				45F1C98E296F128C00386645 /* CoolToast.swift */,
			);
			path = CoolToast;
			sourceTree = "<group>";
		};
		45F1C998297098A700386645 /* NativeAlert */ = {
			isa = PBXGroup;
			children = (
				45F1C99C2970991200386645 /* NativeAlertScreen.swift */,
			);
			path = NativeAlert;
			sourceTree = "<group>";
		};
		45F1C99B297098E700386645 /* NativeAlert */ = {
			isa = PBXGroup;
			children = (
				45F1C999297098C000386645 /* NativeAlert.swift */,
			);
			path = NativeAlert;
			sourceTree = "<group>";
		};
		45F1C99E29709B7600386645 /* CoolProgressView */ = {
			isa = PBXGroup;
			children = (
				45F1C9A229709BB200386645 /* CoolProgressScreen.swift */,
			);
			path = CoolProgressView;
			sourceTree = "<group>";
		};
		45F1C99F29709B8500386645 /* CoolProgress */ = {
			isa = PBXGroup;
			children = (
				45F1C9A029709B9A00386645 /* CoolProgressView.swift */,
			);
			path = CoolProgress;
			sourceTree = "<group>";
		};
		45F800C02B0FCD7D00A6A7AB /* CoolLog */ = {
			isa = PBXGroup;
			children = (
				45F800C12B0FCD9000A6A7AB /* CoolLog.swift */,
			);
			path = CoolLog;
			sourceTree = "<group>";
		};
		CA2AEDAA10423E4581732359 /* xcschemes */ = {
			isa = PBXGroup;
			children = (
			);
			name = xcschemes;
			path = "Why Not SwiftUI.xcodeproj/project.xcworkspace/xcuserdata/shohag.xcuserdatad/xcschemes";
			sourceTree = "<group>";
		};
/* End PBXGroup section */

/* Begin PBXNativeTarget section */
		457E603B29353FE5005595B7 /* NotificationService */ = {
			isa = PBXNativeTarget;
			buildConfigurationList = 457E604429353FE5005595B7 /* Build configuration list for PBXNativeTarget "NotificationService" */;
			buildPhases = (
				457E603829353FE5005595B7 /* Sources */,
				457E603929353FE5005595B7 /* Frameworks */,
				457E603A29353FE5005595B7 /* Resources */,
			);
			buildRules = (
			);
			dependencies = (
			);
			name = NotificationService;
			productName = NotificationService;
			productReference = 457E603C29353FE5005595B7 /* NotificationService.appex */;
			productType = "com.apple.product-type.app-extension";
		};
		45BE890E28A05F73008DF51F /* Why Not SwiftUI */ = {
			isa = PBXNativeTarget;
			buildConfigurationList = 45BE891D28A05F76008DF51F /* Build configuration list for PBXNativeTarget "Why Not SwiftUI" */;
			buildPhases = (
				45BE890B28A05F73008DF51F /* Sources */,
				45BE890C28A05F73008DF51F /* Frameworks */,
				45BE890D28A05F73008DF51F /* Resources */,
				457E604729353FE5005595B7 /* Embed Foundation Extensions */,
			);
			buildRules = (
			);
			dependencies = (
				457E604229353FE5005595B7 /* PBXTargetDependency */,
			);
			name = "Why Not SwiftUI";
			packageProductDependencies = (
				45BE892128A063A5008DF51F /* CombineMoya */,
				4592F21D2AF9470200317B77 /* SwiftUIIntrospect */,
			);
			productName = "Why Not SwiftUI";
			productReference = 45BE890F28A05F73008DF51F /* Why Not SwiftUI!.app */;
			productType = "com.apple.product-type.application";
		};
/* End PBXNativeTarget section */

/* Begin PBXProject section */
		45BE890728A05F73008DF51F /* Project object */ = {
			isa = PBXProject;
			attributes = {
				BuildIndependentTargetsInParallel = 1;
				LastSwiftUpdateCheck = 1410;
				LastUpgradeCheck = 1420;
				ORGANIZATIONNAME = "Md. Mahmudul Hasan Shohag";
				TargetAttributes = {
					457E603B29353FE5005595B7 = {
						CreatedOnToolsVersion = 14.1;
					};
					45BE890E28A05F73008DF51F = {
						CreatedOnToolsVersion = 13.4.1;
					};
				};
			};
			buildConfigurationList = 45BE890A28A05F73008DF51F /* Build configuration list for PBXProject "Why Not SwiftUI" */;
			compatibilityVersion = "Xcode 14.0";
			developmentRegion = en;
			hasScannedForEncodings = 0;
			knownRegions = (
				en,
				Base,
				bn,
			);
			mainGroup = 45BE890628A05F73008DF51F;
			packageReferences = (
				45BE892028A063A5008DF51F /* XCRemoteSwiftPackageReference "Moya" */,
				4592F21C2AF9470200317B77 /* XCRemoteSwiftPackageReference "SwiftUI-Introspect" */,
			);
			productRefGroup = 45BE891028A05F73008DF51F /* Products */;
			projectDirPath = "";
			projectRoot = "";
			targets = (
				45BE890E28A05F73008DF51F /* Why Not SwiftUI */,
				457E603B29353FE5005595B7 /* NotificationService */,
			);
		};
/* End PBXProject section */

/* Begin PBXResourcesBuildPhase section */
		457E603A29353FE5005595B7 /* Resources */ = {
			isa = PBXResourcesBuildPhase;
			buildActionMask = 2147483647;
			files = (
			);
			runOnlyForDeploymentPostprocessing = 0;
		};
		45BE890D28A05F73008DF51F /* Resources */ = {
			isa = PBXResourcesBuildPhase;
			buildActionMask = 2147483647;
			files = (
				45F1C9B32970A49E00386645 /* SF-Pro-Rounded-Medium.otf in Resources */,
				450694302AC7487A00A53D4A /* SwiftMacros in Resources */,
				45F1C9B52970A49E00386645 /* SF-Pro-Rounded-Black.otf in Resources */,
				45BE891A28A05F76008DF51F /* Preview Assets.xcassets in Resources */,
				45F1C9B62970A49E00386645 /* SF-Pro-Rounded-Thin.otf in Resources */,
				45F1C9AF2970A49E00386645 /* SF-Pro-Rounded-Heavy.otf in Resources */,
				45F1C9B72970A49E00386645 /* SF-Pro-Rounded-Ultralight.otf in Resources */,
				4571D620293729B700573547 /* Localizable.strings in Resources */,
				45F1C9B12970A49E00386645 /* SF-Pro-Rounded-Light.otf in Resources */,
				45513A9B299A179300BF0A0D /* RobotoSlab-VariableFont.ttf in Resources */,
				45F1C9B02970A49E00386645 /* SF-Pro-Rounded-Bold.otf in Resources */,
				45F1C9B22970A49E00386645 /* SF-Pro-Rounded-Regular.otf in Resources */,
				45BE891728A05F76008DF51F /* Assets.xcassets in Resources */,
				450776D5290195AF00C05007 /* example_crash_report.json in Resources */,
				45F1C9B42970A49E00386645 /* SF-Pro-Rounded-Semibold.otf in Resources */,
			);
			runOnlyForDeploymentPostprocessing = 0;
		};
/* End PBXResourcesBuildPhase section */

/* Begin PBXSourcesBuildPhase section */
		457E603829353FE5005595B7 /* Sources */ = {
			isa = PBXSourcesBuildPhase;
			buildActionMask = 2147483647;
			files = (
				457E603F29353FE5005595B7 /* NotificationService.swift in Sources */,
				457E604E29354156005595B7 /* ImageDownloader.swift in Sources */,
				457E604C29354156005595B7 /* NetworkError.swift in Sources */,
			);
			runOnlyForDeploymentPostprocessing = 0;
		};
		45BE890B28A05F73008DF51F /* Sources */ = {
			isa = PBXSourcesBuildPhase;
			buildActionMask = 2147483647;
			files = (
				45B2D05C29031202006A631E /* ExtUIGestureRecognizerDelegate.swift in Sources */,
				459EC10E290067B00019C555 /* MetricKitScreen.swift in Sources */,
				456174AC2935C6370078B997 /* NotificationUtils.swift in Sources */,
				4568D1A528F8950600FFDC5E /* BottomNavVsSideBarScreen.swift in Sources */,
				454C46E12AD8735200E9F96B /* DateFormat3Screen.swift in Sources */,
				45F1C9A52970A18E00386645 /* View+.swift in Sources */,
				459EC11029007BF90019C555 /* View+ConditionalModifier.swift in Sources */,
				4557C0F429C4B0A20030530B /* LabelToggle.swift in Sources */,
				459837DB28EB5C3D00AB5433 /* ImageVideoCapturer.swift in Sources */,
				45CD36AD29CBC34C00DB24BD /* MediaSelectViewModel.swift in Sources */,
				45045FD42B0FC9B8002592AD /* MainContainerScreen.swift in Sources */,
				45F800C22B0FCD9000A6A7AB /* CoolLog.swift in Sources */,
				45F1C993296F13D000386645 /* Color+.swift in Sources */,
				454C46DF2AD8723400E9F96B /* DateFormatScreen.swift in Sources */,
				457B0ADC28FB70730019ED01 /* MenuRow.swift in Sources */,
				45BE892528A06D24008DF51F /* GoRestAPI.swift in Sources */,
				459CA62728E702D400FC6F42 /* FitnessRingCardScreen.swift in Sources */,
				4557C0F629C4B0AF0030530B /* LabelToggleScreen.swift in Sources */,
				459837D928EB5C1400AB5433 /* MediaSelectScreen.swift in Sources */,
				45513A9229911EEA00BF0A0D /* String+.swift in Sources */,
				45513A942993D69800BF0A0D /* Array+.swift in Sources */,
				45BE891328A05F73008DF51F /* Why_Not_SwiftUIApp.swift in Sources */,
				459EC10A2900561D0019C555 /* TrackingService.swift in Sources */,
				45ACAF5228F9F68600C5467F /* CustomSideBar.swift in Sources */,
				45045FBF2B0FBD68002592AD /* AlwaysPopoverScreen.swift in Sources */,
				45F1C991296F129900386645 /* CoolToastScreen.swift in Sources */,
				45513A992998F1D500BF0A0D /* TextPreviewScreen.swift in Sources */,
				454C46DB2AD8218C00E9F96B /* DateFormat1Screen.swift in Sources */,
				45045FCF2B0FC88D002592AD /* DestinationMapper.swift in Sources */,
				459CA63A28E76EAA00FC6F42 /* RingChartRing.swift in Sources */,
				45513A962993F3BD00BF0A0D /* UIElementPreview.swift in Sources */,
				459837D628EB4B7100AB5433 /* Fruit.swift in Sources */,
				4568D1AE28F898E700FFDC5E /* BottomNavIOSScreen.swift in Sources */,
				454539F22981310500E3D9D0 /* TextFieldValidationScreen.swift in Sources */,
				45045FD12B0FC88D002592AD /* NavigationDemo.swift in Sources */,
				45F1C9A129709B9A00386645 /* CoolProgressView.swift in Sources */,
				45726D1228F44E66003DF76A /* #003 required keyword.swift in Sources */,
				45799F2E28F0041F00F53467 /* #002 some vs any keyword.swift in Sources */,
				457E6037293536FD005595B7 /* AppDelegate.swift in Sources */,
				45F1C99D2970991200386645 /* NativeAlertScreen.swift in Sources */,
				45ACAF5028F9F61B00C5467F /* CustomSideBarScreen.swift in Sources */,
				458E623E28EC706B005A4E54 /* Screen.swift in Sources */,
				454C46E42AD8743500E9F96B /* LocaleData.swift in Sources */,
				454E82B42AC33AE00014B6A3 /* AXRotorScreen.swift in Sources */,
				4568D1A228F8235700FFDC5E /* UIDevice+JailBroken.swift in Sources */,
				45CD36B229CBC60700DB24BD /* URL+.swift in Sources */,
				4554D9C829B259F700063323 /* AccessibilityScreen.swift in Sources */,
				4568D1AC28F8975D00FFDC5E /* MainScreen.swift in Sources */,
				452E8F922ABE1AA9002E5A28 /* DynamicTypeScreen.swift in Sources */,
				459EC10C290059620019C555 /* Color.swift in Sources */,
				459EC112290086640019C555 /* MetircKitViewModel.swift in Sources */,
				450ACB7A2AC49F3C0077912D /* AccessibilityPreferences.swift in Sources */,
				45F1C99A297098C000386645 /* NativeAlert.swift in Sources */,
				458E623C28EC6D75005A4E54 /* HomeScreen.swift in Sources */,
				454539F429813F7200E3D9D0 /* TextFieldValidationViewModel.swift in Sources */,
				454E82B62AC33B970014B6A3 /* CustomAXActionsScreen.swift in Sources */,
				45419E7D2B0232B4008B9501 /* ReorderListScreen.swift in Sources */,
				454E82B22AC339F70014B6A3 /* GeneralAXModifiersScreen.swift in Sources */,
				459837D228EB361D00AB5433 /* #001 KeyPath class.swift in Sources */,
				45045FBC2B0FBD2F002592AD /* AlwaysPopover.swift in Sources */,
				45AD4F1A29CD23400008CC44 /* OverlayLoadingView.swift in Sources */,
				45BF412B2AAA2F4A00332BD7 /* Dictionary+.swift in Sources */,
				459CA63028E70F2700FC6F42 /* OverviewRingCardScreen.swift in Sources */,
				457B0ADE28FB73DB0019ED01 /* ExtUIApplicatin.swift in Sources */,
				4568D1B228F8992C00FFDC5E /* ColorScreen.swift in Sources */,
				4568D1A828F8951A00FFDC5E /* SplashScreen.swift in Sources */,
				4568D1B028F8990D00FFDC5E /* SideBarIPadScreen.swift in Sources */,
				457E604D29354156005595B7 /* ImageDownloader.swift in Sources */,
				45F1C9A329709BB200386645 /* CoolProgressScreen.swift in Sources */,
				45F1C98F296F128C00386645 /* CoolToast.swift in Sources */,
				45045FD22B0FC88D002592AD /* NavController.swift in Sources */,
				454C46DD2AD86B2F00E9F96B /* DateFormat2Screen.swift in Sources */,
				459CA62B28E70E2B00FC6F42 /* Typography.swift in Sources */,
				45045FC92B0FC87B002592AD /* Destination+.swift in Sources */,
				45BE892728A06FF8008DF51F /* HomeViewModel.swift in Sources */,
				45045FD02B0FC88D002592AD /* Destinations.swift in Sources */,
				45513A9029911C1E00BF0A0D /* CustomTextFieldView.swift in Sources */,
				457E604B29354156005595B7 /* NetworkError.swift in Sources */,
				457B0ADA28FB70340019ED01 /* MenuModels.swift in Sources */,
				45CD36B429CBD87E00DB24BD /* UIImage+.swift in Sources */,
				45CD36B029CBC54400DB24BD /* UIAttachment.swift in Sources */,
				459CA63328E70F5600FC6F42 /* RingChart.swift in Sources */,
			);
			runOnlyForDeploymentPostprocessing = 0;
		};
/* End PBXSourcesBuildPhase section */

/* Begin PBXTargetDependency section */
		457E604229353FE5005595B7 /* PBXTargetDependency */ = {
			isa = PBXTargetDependency;
			target = 457E603B29353FE5005595B7 /* NotificationService */;
			targetProxy = 457E604129353FE5005595B7 /* PBXContainerItemProxy */;
		};
/* End PBXTargetDependency section */

/* Begin PBXVariantGroup section */
		4571D622293729B700573547 /* Localizable.strings */ = {
			isa = PBXVariantGroup;
			children = (
				4571D621293729B700573547 /* en */,
				4571D623293729C400573547 /* bn */,
			);
			name = Localizable.strings;
			sourceTree = "<group>";
		};
/* End PBXVariantGroup section */

/* Begin XCBuildConfiguration section */
		457E604529353FE5005595B7 /* Debug */ = {
			isa = XCBuildConfiguration;
			buildSettings = {
				CLANG_CXX_LANGUAGE_STANDARD = "gnu++20";
				CODE_SIGN_STYLE = Automatic;
				CURRENT_PROJECT_VERSION = 1;
				DEVELOPMENT_TEAM = UT4XSTUQLU;
				GENERATE_INFOPLIST_FILE = YES;
				INFOPLIST_FILE = NotificationService/Info.plist;
				INFOPLIST_KEY_CFBundleDisplayName = NotificationService;
				INFOPLIST_KEY_NSHumanReadableCopyright = "";
				IPHONEOS_DEPLOYMENT_TARGET = 16.0;
				LD_RUNPATH_SEARCH_PATHS = (
					"$(inherited)",
					"@executable_path/Frameworks",
					"@executable_path/../../Frameworks",
				);
				MARKETING_VERSION = 1.0;
				PRODUCT_BUNDLE_IDENTIFIER = "org.imaginativeworld.Why-Not-SwiftUI.NotificationService";
				PRODUCT_NAME = "$(TARGET_NAME)";
				SKIP_INSTALL = YES;
				SWIFT_EMIT_LOC_STRINGS = YES;
				SWIFT_VERSION = 5.0;
				TARGETED_DEVICE_FAMILY = "1,2";
			};
			name = Debug;
		};
		457E604629353FE5005595B7 /* Release */ = {
			isa = XCBuildConfiguration;
			buildSettings = {
				CLANG_CXX_LANGUAGE_STANDARD = "gnu++20";
				CODE_SIGN_STYLE = Automatic;
				CURRENT_PROJECT_VERSION = 1;
				DEVELOPMENT_TEAM = UT4XSTUQLU;
				GENERATE_INFOPLIST_FILE = YES;
				INFOPLIST_FILE = NotificationService/Info.plist;
				INFOPLIST_KEY_CFBundleDisplayName = NotificationService;
				INFOPLIST_KEY_NSHumanReadableCopyright = "";
				IPHONEOS_DEPLOYMENT_TARGET = 16.0;
				LD_RUNPATH_SEARCH_PATHS = (
					"$(inherited)",
					"@executable_path/Frameworks",
					"@executable_path/../../Frameworks",
				);
				MARKETING_VERSION = 1.0;
				PRODUCT_BUNDLE_IDENTIFIER = "org.imaginativeworld.Why-Not-SwiftUI.NotificationService";
				PRODUCT_NAME = "$(TARGET_NAME)";
				SKIP_INSTALL = YES;
				SWIFT_EMIT_LOC_STRINGS = YES;
				SWIFT_VERSION = 5.0;
				TARGETED_DEVICE_FAMILY = "1,2";
			};
			name = Release;
		};
		45BE891B28A05F76008DF51F /* Debug */ = {
			isa = XCBuildConfiguration;
			buildSettings = {
				ALWAYS_SEARCH_USER_PATHS = NO;
				CLANG_ANALYZER_LOCALIZABILITY_NONLOCALIZED = YES;
				CLANG_ANALYZER_NONNULL = YES;
				CLANG_ANALYZER_NUMBER_OBJECT_CONVERSION = YES_AGGRESSIVE;
				CLANG_CXX_LANGUAGE_STANDARD = "gnu++17";
				CLANG_ENABLE_MODULES = YES;
				CLANG_ENABLE_OBJC_ARC = YES;
				CLANG_ENABLE_OBJC_WEAK = YES;
				CLANG_WARN_BLOCK_CAPTURE_AUTORELEASING = YES;
				CLANG_WARN_BOOL_CONVERSION = YES;
				CLANG_WARN_COMMA = YES;
				CLANG_WARN_CONSTANT_CONVERSION = YES;
				CLANG_WARN_DEPRECATED_OBJC_IMPLEMENTATIONS = YES;
				CLANG_WARN_DIRECT_OBJC_ISA_USAGE = YES_ERROR;
				CLANG_WARN_DOCUMENTATION_COMMENTS = YES;
				CLANG_WARN_EMPTY_BODY = YES;
				CLANG_WARN_ENUM_CONVERSION = YES;
				CLANG_WARN_INFINITE_RECURSION = YES;
				CLANG_WARN_INT_CONVERSION = YES;
				CLANG_WARN_NON_LITERAL_NULL_CONVERSION = YES;
				CLANG_WARN_OBJC_IMPLICIT_RETAIN_SELF = YES;
				CLANG_WARN_OBJC_LITERAL_CONVERSION = YES;
				CLANG_WARN_OBJC_ROOT_CLASS = YES_ERROR;
				CLANG_WARN_QUOTED_INCLUDE_IN_FRAMEWORK_HEADER = YES;
				CLANG_WARN_RANGE_LOOP_ANALYSIS = YES;
				CLANG_WARN_STRICT_PROTOTYPES = YES;
				CLANG_WARN_SUSPICIOUS_MOVE = YES;
				CLANG_WARN_UNGUARDED_AVAILABILITY = YES_AGGRESSIVE;
				CLANG_WARN_UNREACHABLE_CODE = YES;
				CLANG_WARN__DUPLICATE_METHOD_MATCH = YES;
				COPY_PHASE_STRIP = NO;
				DEBUG_INFORMATION_FORMAT = dwarf;
				ENABLE_STRICT_OBJC_MSGSEND = YES;
				ENABLE_TESTABILITY = YES;
				GCC_C_LANGUAGE_STANDARD = gnu11;
				GCC_DYNAMIC_NO_PIC = NO;
				GCC_NO_COMMON_BLOCKS = YES;
				GCC_OPTIMIZATION_LEVEL = 0;
				GCC_PREPROCESSOR_DEFINITIONS = (
					"DEBUG=1",
					"$(inherited)",
				);
				GCC_WARN_64_TO_32_BIT_CONVERSION = YES;
				GCC_WARN_ABOUT_RETURN_TYPE = YES_ERROR;
				GCC_WARN_UNDECLARED_SELECTOR = YES;
				GCC_WARN_UNINITIALIZED_AUTOS = YES_AGGRESSIVE;
				GCC_WARN_UNUSED_FUNCTION = YES;
				GCC_WARN_UNUSED_VARIABLE = YES;
				IPHONEOS_DEPLOYMENT_TARGET = 16.4;
				MTL_ENABLE_DEBUG_INFO = INCLUDE_SOURCE;
				MTL_FAST_MATH = YES;
				ONLY_ACTIVE_ARCH = YES;
				SDKROOT = iphoneos;
				SWIFT_ACTIVE_COMPILATION_CONDITIONS = DEBUG;
				SWIFT_OPTIMIZATION_LEVEL = "-Onone";
			};
			name = Debug;
		};
		45BE891C28A05F76008DF51F /* Release */ = {
			isa = XCBuildConfiguration;
			buildSettings = {
				ALWAYS_SEARCH_USER_PATHS = NO;
				CLANG_ANALYZER_LOCALIZABILITY_NONLOCALIZED = YES;
				CLANG_ANALYZER_NONNULL = YES;
				CLANG_ANALYZER_NUMBER_OBJECT_CONVERSION = YES_AGGRESSIVE;
				CLANG_CXX_LANGUAGE_STANDARD = "gnu++17";
				CLANG_ENABLE_MODULES = YES;
				CLANG_ENABLE_OBJC_ARC = YES;
				CLANG_ENABLE_OBJC_WEAK = YES;
				CLANG_WARN_BLOCK_CAPTURE_AUTORELEASING = YES;
				CLANG_WARN_BOOL_CONVERSION = YES;
				CLANG_WARN_COMMA = YES;
				CLANG_WARN_CONSTANT_CONVERSION = YES;
				CLANG_WARN_DEPRECATED_OBJC_IMPLEMENTATIONS = YES;
				CLANG_WARN_DIRECT_OBJC_ISA_USAGE = YES_ERROR;
				CLANG_WARN_DOCUMENTATION_COMMENTS = YES;
				CLANG_WARN_EMPTY_BODY = YES;
				CLANG_WARN_ENUM_CONVERSION = YES;
				CLANG_WARN_INFINITE_RECURSION = YES;
				CLANG_WARN_INT_CONVERSION = YES;
				CLANG_WARN_NON_LITERAL_NULL_CONVERSION = YES;
				CLANG_WARN_OBJC_IMPLICIT_RETAIN_SELF = YES;
				CLANG_WARN_OBJC_LITERAL_CONVERSION = YES;
				CLANG_WARN_OBJC_ROOT_CLASS = YES_ERROR;
				CLANG_WARN_QUOTED_INCLUDE_IN_FRAMEWORK_HEADER = YES;
				CLANG_WARN_RANGE_LOOP_ANALYSIS = YES;
				CLANG_WARN_STRICT_PROTOTYPES = YES;
				CLANG_WARN_SUSPICIOUS_MOVE = YES;
				CLANG_WARN_UNGUARDED_AVAILABILITY = YES_AGGRESSIVE;
				CLANG_WARN_UNREACHABLE_CODE = YES;
				CLANG_WARN__DUPLICATE_METHOD_MATCH = YES;
				COPY_PHASE_STRIP = NO;
				DEBUG_INFORMATION_FORMAT = "dwarf-with-dsym";
				ENABLE_NS_ASSERTIONS = NO;
				ENABLE_STRICT_OBJC_MSGSEND = YES;
				GCC_C_LANGUAGE_STANDARD = gnu11;
				GCC_NO_COMMON_BLOCKS = YES;
				GCC_WARN_64_TO_32_BIT_CONVERSION = YES;
				GCC_WARN_ABOUT_RETURN_TYPE = YES_ERROR;
				GCC_WARN_UNDECLARED_SELECTOR = YES;
				GCC_WARN_UNINITIALIZED_AUTOS = YES_AGGRESSIVE;
				GCC_WARN_UNUSED_FUNCTION = YES;
				GCC_WARN_UNUSED_VARIABLE = YES;
				IPHONEOS_DEPLOYMENT_TARGET = 16.4;
				MTL_ENABLE_DEBUG_INFO = NO;
				MTL_FAST_MATH = YES;
				SDKROOT = iphoneos;
				SWIFT_COMPILATION_MODE = wholemodule;
				SWIFT_OPTIMIZATION_LEVEL = "-O";
				VALIDATE_PRODUCT = YES;
			};
			name = Release;
		};
		45BE891E28A05F76008DF51F /* Debug */ = {
			isa = XCBuildConfiguration;
			buildSettings = {
				ALWAYS_EMBED_SWIFT_STANDARD_LIBRARIES = YES;
				ASSETCATALOG_COMPILER_APPICON_NAME = AppIcon;
				ASSETCATALOG_COMPILER_GLOBAL_ACCENT_COLOR_NAME = AccentColor;
				CODE_SIGN_STYLE = Automatic;
				CURRENT_PROJECT_VERSION = 1;
				DEVELOPMENT_ASSET_PATHS = "\"Why Not SwiftUI/Preview Content\"";
				DEVELOPMENT_TEAM = UT4XSTUQLU;
				ENABLE_PREVIEWS = YES;
				GENERATE_INFOPLIST_FILE = YES;
				INFOPLIST_FILE = "Why-Not-SwiftUI-Info.plist";
				INFOPLIST_KEY_NSCameraUsageDescription = "Record video";
				INFOPLIST_KEY_NSMicrophoneUsageDescription = "Record audio";
				INFOPLIST_KEY_UIApplicationSceneManifest_Generation = YES;
				INFOPLIST_KEY_UIApplicationSupportsIndirectInputEvents = YES;
				INFOPLIST_KEY_UILaunchScreen_Generation = YES;
				INFOPLIST_KEY_UISupportedInterfaceOrientations_iPad = "UIInterfaceOrientationPortrait UIInterfaceOrientationPortraitUpsideDown UIInterfaceOrientationLandscapeLeft UIInterfaceOrientationLandscapeRight";
				INFOPLIST_KEY_UISupportedInterfaceOrientations_iPhone = "UIInterfaceOrientationPortrait UIInterfaceOrientationLandscapeLeft UIInterfaceOrientationLandscapeRight";
				IPHONEOS_DEPLOYMENT_TARGET = 16.4;
				LD_RUNPATH_SEARCH_PATHS = (
					"$(inherited)",
					"@executable_path/Frameworks",
				);
				MARKETING_VERSION = 1.0;
				PRODUCT_BUNDLE_IDENTIFIER = "org.imaginativeworld.Why-Not-SwiftUI";
				PRODUCT_NAME = "Why Not SwiftUI!";
				SWIFT_EMIT_LOC_STRINGS = YES;
				SWIFT_VERSION = 5.0;
				TARGETED_DEVICE_FAMILY = "1,2";
			};
			name = Debug;
		};
		45BE891F28A05F76008DF51F /* Release */ = {
			isa = XCBuildConfiguration;
			buildSettings = {
				ALWAYS_EMBED_SWIFT_STANDARD_LIBRARIES = YES;
				ASSETCATALOG_COMPILER_APPICON_NAME = AppIcon;
				ASSETCATALOG_COMPILER_GLOBAL_ACCENT_COLOR_NAME = AccentColor;
				CODE_SIGN_STYLE = Automatic;
				CURRENT_PROJECT_VERSION = 1;
				DEVELOPMENT_ASSET_PATHS = "\"Why Not SwiftUI/Preview Content\"";
				DEVELOPMENT_TEAM = UT4XSTUQLU;
				ENABLE_PREVIEWS = YES;
				GENERATE_INFOPLIST_FILE = YES;
				INFOPLIST_FILE = "Why-Not-SwiftUI-Info.plist";
				INFOPLIST_KEY_NSCameraUsageDescription = "Record video";
				INFOPLIST_KEY_NSMicrophoneUsageDescription = "Record audio";
				INFOPLIST_KEY_UIApplicationSceneManifest_Generation = YES;
				INFOPLIST_KEY_UIApplicationSupportsIndirectInputEvents = YES;
				INFOPLIST_KEY_UILaunchScreen_Generation = YES;
				INFOPLIST_KEY_UISupportedInterfaceOrientations_iPad = "UIInterfaceOrientationPortrait UIInterfaceOrientationPortraitUpsideDown UIInterfaceOrientationLandscapeLeft UIInterfaceOrientationLandscapeRight";
				INFOPLIST_KEY_UISupportedInterfaceOrientations_iPhone = "UIInterfaceOrientationPortrait UIInterfaceOrientationLandscapeLeft UIInterfaceOrientationLandscapeRight";
				IPHONEOS_DEPLOYMENT_TARGET = 16.4;
				LD_RUNPATH_SEARCH_PATHS = (
					"$(inherited)",
					"@executable_path/Frameworks",
				);
				MARKETING_VERSION = 1.0;
				PRODUCT_BUNDLE_IDENTIFIER = "org.imaginativeworld.Why-Not-SwiftUI";
				PRODUCT_NAME = "Why Not SwiftUI!";
				SWIFT_EMIT_LOC_STRINGS = YES;
				SWIFT_VERSION = 5.0;
				TARGETED_DEVICE_FAMILY = "1,2";
			};
			name = Release;
		};
/* End XCBuildConfiguration section */

/* Begin XCConfigurationList section */
		457E604429353FE5005595B7 /* Build configuration list for PBXNativeTarget "NotificationService" */ = {
			isa = XCConfigurationList;
			buildConfigurations = (
				457E604529353FE5005595B7 /* Debug */,
				457E604629353FE5005595B7 /* Release */,
			);
			defaultConfigurationIsVisible = 0;
			defaultConfigurationName = Release;
		};
		45BE890A28A05F73008DF51F /* Build configuration list for PBXProject "Why Not SwiftUI" */ = {
			isa = XCConfigurationList;
			buildConfigurations = (
				45BE891B28A05F76008DF51F /* Debug */,
				45BE891C28A05F76008DF51F /* Release */,
			);
			defaultConfigurationIsVisible = 0;
			defaultConfigurationName = Release;
		};
		45BE891D28A05F76008DF51F /* Build configuration list for PBXNativeTarget "Why Not SwiftUI" */ = {
			isa = XCConfigurationList;
			buildConfigurations = (
				45BE891E28A05F76008DF51F /* Debug */,
				45BE891F28A05F76008DF51F /* Release */,
			);
			defaultConfigurationIsVisible = 0;
			defaultConfigurationName = Release;
		};
/* End XCConfigurationList section */

/* Begin XCRemoteSwiftPackageReference section */
		4592F21C2AF9470200317B77 /* XCRemoteSwiftPackageReference "SwiftUI-Introspect" */ = {
			isa = XCRemoteSwiftPackageReference;
			repositoryURL = "https://github.com/siteline/SwiftUI-Introspect";
			requirement = {
				kind = upToNextMajorVersion;
				minimumVersion = 1.1.1;
			};
		};
		45BE892028A063A5008DF51F /* XCRemoteSwiftPackageReference "Moya" */ = {
			isa = XCRemoteSwiftPackageReference;
			repositoryURL = "https://github.com/Moya/Moya";
			requirement = {
				kind = upToNextMajorVersion;
				minimumVersion = 15.0.0;
			};
		};
/* End XCRemoteSwiftPackageReference section */

/* Begin XCSwiftPackageProductDependency section */
		4592F21D2AF9470200317B77 /* SwiftUIIntrospect */ = {
			isa = XCSwiftPackageProductDependency;
			package = 4592F21C2AF9470200317B77 /* XCRemoteSwiftPackageReference "SwiftUI-Introspect" */;
			productName = SwiftUIIntrospect;
		};
		45BE892128A063A5008DF51F /* CombineMoya */ = {
			isa = XCSwiftPackageProductDependency;
			package = 45BE892028A063A5008DF51F /* XCRemoteSwiftPackageReference "Moya" */;
			productName = CombineMoya;
		};
/* End XCSwiftPackageProductDependency section */
	};
	rootObject = 45BE890728A05F73008DF51F /* Project object */;
}
